
Microsoft Visual Studio Solution File, Format Version 12.00
# Visual Studio Version 17
VisualStudioVersion = 17.2.32526.322
MinimumVisualStudioVersion = 10.0.40219.1
Project("{FAE04EC0-301F-11D3-BF4B-00C04F79EFBC}") = "noZtry1", "noZtry1\noZtry1.csproj", "{4FA4A28E-0148-4A8A-9319-DE3921FCCCC1}"
EndProject
Global
	GlobalSection(SolutionConfigurationPlatforms) = preSolution
		Debug|Any CPU = Debug|Any CPU
		Release|Any CPU = Release|Any CPU
	EndGlobalSection
	GlobalSection(ProjectConfigurationPlatforms) = postSolution
		{4FA4A28E-0148-4A8A-9319-DE3921FCCCC1}.Debug|Any CPU.ActiveCfg = Debug|Any CPU
		{4FA4A28E-0148-4A8A-9319-DE3921FCCCC1}.Debug|Any CPU.Build.0 = Debug|Any CPU
		{4FA4A28E-0148-4A8A-9319-DE3921FCCCC1}.Release|Any CPU.ActiveCfg = Release|Any CPU
		{4FA4A28E-0148-4A8A-9319-DE3921FCCCC1}.Release|Any CPU.Build.0 = Release|Any CPU
	EndGlobalSection
	GlobalSection(SolutionProperties) = preSolution
		HideSolutionNode = FALSE
	EndGlobalSection
	GlobalSection(ExtensibilityGlobals) = postSolution
		SolutionGuid = {57954937-4CFF-460F-82B1-BC5ED52299AF}
	EndGlobalSection
EndGlobal
