
Microsoft Visual Studio Solution File, Format Version 12.00
# Visual Studio Version 17
VisualStudioVersion = 17.7.34031.279
MinimumVisualStudioVersion = 10.0.40219.1
Project("{FAE04EC0-301F-11D3-BF4B-00C04F79EFBC}") = "no1try1", "no1try1\no1try1.csproj", "{49415F37-913B-4869-B6FD-C5DF14265E4D}"
EndProject
Global
	GlobalSection(SolutionConfigurationPlatforms) = preSolution
		Debug|Any CPU = Debug|Any CPU
		Release|Any CPU = Release|Any CPU
	EndGlobalSection
	GlobalSection(ProjectConfigurationPlatforms) = postSolution
		{49415F37-913B-4869-B6FD-C5DF14265E4D}.Debug|Any CPU.ActiveCfg = Debug|Any CPU
		{49415F37-913B-4869-B6FD-C5DF14265E4D}.Debug|Any CPU.Build.0 = Debug|Any CPU
		{49415F37-913B-4869-B6FD-C5DF14265E4D}.Release|Any CPU.ActiveCfg = Release|Any CPU
		{49415F37-913B-4869-B6FD-C5DF14265E4D}.Release|Any CPU.Build.0 = Release|Any CPU
	EndGlobalSection
	GlobalSection(SolutionProperties) = preSolution
		HideSolutionNode = FALSE
	EndGlobalSection
	GlobalSection(ExtensibilityGlobals) = postSolution
		SolutionGuid = {E8B37B34-F766-4BF6-BB11-54D8D2841ABD}
	EndGlobalSection
EndGlobal
