
Microsoft Visual Studio Solution File, Format Version 12.00
# Visual Studio Version 17
VisualStudioVersion = 17.7.34031.279
MinimumVisualStudioVersion = 10.0.40219.1
Project("{FAE04EC0-301F-11D3-BF4B-00C04F79EFBC}") = "no2try1", "no2try1\no2try1.csproj", "{A206BE52-E0AC-412D-B073-ED62BDAD765C}"
EndProject
Global
	GlobalSection(SolutionConfigurationPlatforms) = preSolution
		Debug|Any CPU = Debug|Any CPU
		Release|Any CPU = Release|Any CPU
	EndGlobalSection
	GlobalSection(ProjectConfigurationPlatforms) = postSolution
		{A206BE52-E0AC-412D-B073-ED62BDAD765C}.Debug|Any CPU.ActiveCfg = Debug|Any CPU
		{A206BE52-E0AC-412D-B073-ED62BDAD765C}.Debug|Any CPU.Build.0 = Debug|Any CPU
		{A206BE52-E0AC-412D-B073-ED62BDAD765C}.Release|Any CPU.ActiveCfg = Release|Any CPU
		{A206BE52-E0AC-412D-B073-ED62BDAD765C}.Release|Any CPU.Build.0 = Release|Any CPU
	EndGlobalSection
	GlobalSection(SolutionProperties) = preSolution
		HideSolutionNode = FALSE
	EndGlobalSection
	GlobalSection(ExtensibilityGlobals) = postSolution
		SolutionGuid = {62E14AA1-E77F-4BAC-8901-F11D49655CB0}
	EndGlobalSection
EndGlobal
