
Microsoft Visual Studio Solution File, Format Version 12.00
# Visual Studio Version 17
VisualStudioVersion = 17.2.32526.322
MinimumVisualStudioVersion = 10.0.40219.1
Project("{FAE04EC0-301F-11D3-BF4B-00C04F79EFBC}") = "no14500try1", "no14500try1\no14500try1.csproj", "{719ACC48-FF4A-4427-8376-5CA6BCC9D9A8}"
EndProject
Global
	GlobalSection(SolutionConfigurationPlatforms) = preSolution
		Debug|Any CPU = Debug|Any CPU
		Release|Any CPU = Release|Any CPU
	EndGlobalSection
	GlobalSection(ProjectConfigurationPlatforms) = postSolution
		{719ACC48-FF4A-4427-8376-5CA6BCC9D9A8}.Debug|Any CPU.ActiveCfg = Debug|Any CPU
		{719ACC48-FF4A-4427-8376-5CA6BCC9D9A8}.Debug|Any CPU.Build.0 = Debug|Any CPU
		{719ACC48-FF4A-4427-8376-5CA6BCC9D9A8}.Release|Any CPU.ActiveCfg = Release|Any CPU
		{719ACC48-FF4A-4427-8376-5CA6BCC9D9A8}.Release|Any CPU.Build.0 = Release|Any CPU
	EndGlobalSection
	GlobalSection(SolutionProperties) = preSolution
		HideSolutionNode = FALSE
	EndGlobalSection
	GlobalSection(ExtensibilityGlobals) = postSolution
		SolutionGuid = {0A21B780-92E7-4CE1-85DB-B9303347D029}
	EndGlobalSection
EndGlobal
