
Microsoft Visual Studio Solution File, Format Version 12.00
# Visual Studio Version 17
VisualStudioVersion = 17.2.32526.322
MinimumVisualStudioVersion = 10.0.40219.1
Project("{FAE04EC0-301F-11D3-BF4B-00C04F79EFBC}") = "no10952try1", "no10952try1\no10952try1.csproj", "{9D184C9A-35CC-4A6F-B856-BB02B2537551}"
EndProject
Global
	GlobalSection(SolutionConfigurationPlatforms) = preSolution
		Debug|Any CPU = Debug|Any CPU
		Release|Any CPU = Release|Any CPU
	EndGlobalSection
	GlobalSection(ProjectConfigurationPlatforms) = postSolution
		{9D184C9A-35CC-4A6F-B856-BB02B2537551}.Debug|Any CPU.ActiveCfg = Debug|Any CPU
		{9D184C9A-35CC-4A6F-B856-BB02B2537551}.Debug|Any CPU.Build.0 = Debug|Any CPU
		{9D184C9A-35CC-4A6F-B856-BB02B2537551}.Release|Any CPU.ActiveCfg = Release|Any CPU
		{9D184C9A-35CC-4A6F-B856-BB02B2537551}.Release|Any CPU.Build.0 = Release|Any CPU
	EndGlobalSection
	GlobalSection(SolutionProperties) = preSolution
		HideSolutionNode = FALSE
	EndGlobalSection
	GlobalSection(ExtensibilityGlobals) = postSolution
		SolutionGuid = {4AAFA24D-5433-4304-B18D-D6C7FEEDED04}
	EndGlobalSection
EndGlobal
