
Microsoft Visual Studio Solution File, Format Version 12.00
# Visual Studio Version 17
VisualStudioVersion = 17.2.32526.322
MinimumVisualStudioVersion = 10.0.40219.1
Project("{FAE04EC0-301F-11D3-BF4B-00C04F79EFBC}") = "no1308try1", "no1308try1\no1308try1.csproj", "{795B8A1E-C8F8-4152-9206-D7AF800015E6}"
EndProject
Global
	GlobalSection(SolutionConfigurationPlatforms) = preSolution
		Debug|Any CPU = Debug|Any CPU
		Release|Any CPU = Release|Any CPU
	EndGlobalSection
	GlobalSection(ProjectConfigurationPlatforms) = postSolution
		{795B8A1E-C8F8-4152-9206-D7AF800015E6}.Debug|Any CPU.ActiveCfg = Debug|Any CPU
		{795B8A1E-C8F8-4152-9206-D7AF800015E6}.Debug|Any CPU.Build.0 = Debug|Any CPU
		{795B8A1E-C8F8-4152-9206-D7AF800015E6}.Release|Any CPU.ActiveCfg = Release|Any CPU
		{795B8A1E-C8F8-4152-9206-D7AF800015E6}.Release|Any CPU.Build.0 = Release|Any CPU
	EndGlobalSection
	GlobalSection(SolutionProperties) = preSolution
		HideSolutionNode = FALSE
	EndGlobalSection
	GlobalSection(ExtensibilityGlobals) = postSolution
		SolutionGuid = {C5856F86-540E-4EAA-9400-8A215908D091}
	EndGlobalSection
EndGlobal
