
Microsoft Visual Studio Solution File, Format Version 12.00
# Visual Studio Version 17
VisualStudioVersion = 17.7.34031.279
MinimumVisualStudioVersion = 10.0.40219.1
Project("{FAE04EC0-301F-11D3-BF4B-00C04F79EFBC}") = "noBtry1", "noBtry1\noBtry1.csproj", "{A78A12FE-3681-4B30-9C34-A516557DBD2C}"
EndProject
Global
	GlobalSection(SolutionConfigurationPlatforms) = preSolution
		Debug|Any CPU = Debug|Any CPU
		Release|Any CPU = Release|Any CPU
	EndGlobalSection
	GlobalSection(ProjectConfigurationPlatforms) = postSolution
		{A78A12FE-3681-4B30-9C34-A516557DBD2C}.Debug|Any CPU.ActiveCfg = Debug|Any CPU
		{A78A12FE-3681-4B30-9C34-A516557DBD2C}.Debug|Any CPU.Build.0 = Debug|Any CPU
		{A78A12FE-3681-4B30-9C34-A516557DBD2C}.Release|Any CPU.ActiveCfg = Release|Any CPU
		{A78A12FE-3681-4B30-9C34-A516557DBD2C}.Release|Any CPU.Build.0 = Release|Any CPU
	EndGlobalSection
	GlobalSection(SolutionProperties) = preSolution
		HideSolutionNode = FALSE
	EndGlobalSection
	GlobalSection(ExtensibilityGlobals) = postSolution
		SolutionGuid = {99A4DAFF-F975-4788-8528-C052DC0BCE18}
	EndGlobalSection
EndGlobal
