
Microsoft Visual Studio Solution File, Format Version 12.00
# Visual Studio Version 17
VisualStudioVersion = 17.2.32526.322
MinimumVisualStudioVersion = 10.0.40219.1
Project("{FAE04EC0-301F-11D3-BF4B-00C04F79EFBC}") = "no5358try1", "no5358try1\no5358try1.csproj", "{456A6AA1-72FE-421B-B2FD-1F11A7551E16}"
EndProject
Global
	GlobalSection(SolutionConfigurationPlatforms) = preSolution
		Debug|Any CPU = Debug|Any CPU
		Release|Any CPU = Release|Any CPU
	EndGlobalSection
	GlobalSection(ProjectConfigurationPlatforms) = postSolution
		{456A6AA1-72FE-421B-B2FD-1F11A7551E16}.Debug|Any CPU.ActiveCfg = Debug|Any CPU
		{456A6AA1-72FE-421B-B2FD-1F11A7551E16}.Debug|Any CPU.Build.0 = Debug|Any CPU
		{456A6AA1-72FE-421B-B2FD-1F11A7551E16}.Release|Any CPU.ActiveCfg = Release|Any CPU
		{456A6AA1-72FE-421B-B2FD-1F11A7551E16}.Release|Any CPU.Build.0 = Release|Any CPU
	EndGlobalSection
	GlobalSection(SolutionProperties) = preSolution
		HideSolutionNode = FALSE
	EndGlobalSection
	GlobalSection(ExtensibilityGlobals) = postSolution
		SolutionGuid = {8BAD20DA-8168-4EFB-93C7-75523779A27E}
	EndGlobalSection
EndGlobal
