
Microsoft Visual Studio Solution File, Format Version 12.00
# Visual Studio Version 17
VisualStudioVersion = 17.2.32526.322
MinimumVisualStudioVersion = 10.0.40219.1
Project("{FAE04EC0-301F-11D3-BF4B-00C04F79EFBC}") = "no1152try1", "no1152try1\no1152try1.csproj", "{6BC562B5-BCA9-4E32-8511-D7B77CC17DA6}"
EndProject
Global
	GlobalSection(SolutionConfigurationPlatforms) = preSolution
		Debug|Any CPU = Debug|Any CPU
		Release|Any CPU = Release|Any CPU
	EndGlobalSection
	GlobalSection(ProjectConfigurationPlatforms) = postSolution
		{6BC562B5-BCA9-4E32-8511-D7B77CC17DA6}.Debug|Any CPU.ActiveCfg = Debug|Any CPU
		{6BC562B5-BCA9-4E32-8511-D7B77CC17DA6}.Debug|Any CPU.Build.0 = Debug|Any CPU
		{6BC562B5-BCA9-4E32-8511-D7B77CC17DA6}.Release|Any CPU.ActiveCfg = Release|Any CPU
		{6BC562B5-BCA9-4E32-8511-D7B77CC17DA6}.Release|Any CPU.Build.0 = Release|Any CPU
	EndGlobalSection
	GlobalSection(SolutionProperties) = preSolution
		HideSolutionNode = FALSE
	EndGlobalSection
	GlobalSection(ExtensibilityGlobals) = postSolution
		SolutionGuid = {A5ED8D2F-5579-46CF-8058-36EDA3D7A1B6}
	EndGlobalSection
EndGlobal
