
Microsoft Visual Studio Solution File, Format Version 12.00
# Visual Studio Version 17
VisualStudioVersion = 17.2.32526.322
MinimumVisualStudioVersion = 10.0.40219.1
Project("{FAE04EC0-301F-11D3-BF4B-00C04F79EFBC}") = "no4696try1", "no4696try1\no4696try1.csproj", "{4DD9E47E-014D-41CD-80D3-0D6348C02D9A}"
EndProject
Global
	GlobalSection(SolutionConfigurationPlatforms) = preSolution
		Debug|Any CPU = Debug|Any CPU
		Release|Any CPU = Release|Any CPU
	EndGlobalSection
	GlobalSection(ProjectConfigurationPlatforms) = postSolution
		{4DD9E47E-014D-41CD-80D3-0D6348C02D9A}.Debug|Any CPU.ActiveCfg = Debug|Any CPU
		{4DD9E47E-014D-41CD-80D3-0D6348C02D9A}.Debug|Any CPU.Build.0 = Debug|Any CPU
		{4DD9E47E-014D-41CD-80D3-0D6348C02D9A}.Release|Any CPU.ActiveCfg = Release|Any CPU
		{4DD9E47E-014D-41CD-80D3-0D6348C02D9A}.Release|Any CPU.Build.0 = Release|Any CPU
	EndGlobalSection
	GlobalSection(SolutionProperties) = preSolution
		HideSolutionNode = FALSE
	EndGlobalSection
	GlobalSection(ExtensibilityGlobals) = postSolution
		SolutionGuid = {E81EA0C8-704F-4E83-9D71-85FC56E14A38}
	EndGlobalSection
EndGlobal
