
Microsoft Visual Studio Solution File, Format Version 12.00
# Visual Studio Version 17
VisualStudioVersion = 17.2.32526.322
MinimumVisualStudioVersion = 10.0.40219.1
Project("{FAE04EC0-301F-11D3-BF4B-00C04F79EFBC}") = "no13118try1", "no13118try1\no13118try1.csproj", "{A7487979-792F-4F7C-A423-0CD5000836C9}"
EndProject
Global
	GlobalSection(SolutionConfigurationPlatforms) = preSolution
		Debug|Any CPU = Debug|Any CPU
		Release|Any CPU = Release|Any CPU
	EndGlobalSection
	GlobalSection(ProjectConfigurationPlatforms) = postSolution
		{A7487979-792F-4F7C-A423-0CD5000836C9}.Debug|Any CPU.ActiveCfg = Debug|Any CPU
		{A7487979-792F-4F7C-A423-0CD5000836C9}.Debug|Any CPU.Build.0 = Debug|Any CPU
		{A7487979-792F-4F7C-A423-0CD5000836C9}.Release|Any CPU.ActiveCfg = Release|Any CPU
		{A7487979-792F-4F7C-A423-0CD5000836C9}.Release|Any CPU.Build.0 = Release|Any CPU
	EndGlobalSection
	GlobalSection(SolutionProperties) = preSolution
		HideSolutionNode = FALSE
	EndGlobalSection
	GlobalSection(ExtensibilityGlobals) = postSolution
		SolutionGuid = {69012629-217A-4396-B44B-17863E05C20F}
	EndGlobalSection
EndGlobal
