
Microsoft Visual Studio Solution File, Format Version 12.00
# Visual Studio Version 17
VisualStudioVersion = 17.2.32526.322
MinimumVisualStudioVersion = 10.0.40219.1
Project("{FAE04EC0-301F-11D3-BF4B-00C04F79EFBC}") = "no1157try1", "no1157try1\no1157try1.csproj", "{40B828F1-6C87-47BF-9105-C31E8D317D8C}"
EndProject
Global
	GlobalSection(SolutionConfigurationPlatforms) = preSolution
		Debug|Any CPU = Debug|Any CPU
		Release|Any CPU = Release|Any CPU
	EndGlobalSection
	GlobalSection(ProjectConfigurationPlatforms) = postSolution
		{40B828F1-6C87-47BF-9105-C31E8D317D8C}.Debug|Any CPU.ActiveCfg = Debug|Any CPU
		{40B828F1-6C87-47BF-9105-C31E8D317D8C}.Debug|Any CPU.Build.0 = Debug|Any CPU
		{40B828F1-6C87-47BF-9105-C31E8D317D8C}.Release|Any CPU.ActiveCfg = Release|Any CPU
		{40B828F1-6C87-47BF-9105-C31E8D317D8C}.Release|Any CPU.Build.0 = Release|Any CPU
	EndGlobalSection
	GlobalSection(SolutionProperties) = preSolution
		HideSolutionNode = FALSE
	EndGlobalSection
	GlobalSection(ExtensibilityGlobals) = postSolution
		SolutionGuid = {88B5B3D9-83A2-4EC7-BC11-17D1C3D5066C}
	EndGlobalSection
EndGlobal
