
Microsoft Visual Studio Solution File, Format Version 12.00
# Visual Studio Version 17
VisualStudioVersion = 17.2.32526.322
MinimumVisualStudioVersion = 10.0.40219.1
Project("{FAE04EC0-301F-11D3-BF4B-00C04F79EFBC}") = "no1931try1", "no1931try1\no1931try1.csproj", "{406EE09E-48B9-456C-83E9-7A570D5D8653}"
EndProject
Global
	GlobalSection(SolutionConfigurationPlatforms) = preSolution
		Debug|Any CPU = Debug|Any CPU
		Release|Any CPU = Release|Any CPU
	EndGlobalSection
	GlobalSection(ProjectConfigurationPlatforms) = postSolution
		{406EE09E-48B9-456C-83E9-7A570D5D8653}.Debug|Any CPU.ActiveCfg = Debug|Any CPU
		{406EE09E-48B9-456C-83E9-7A570D5D8653}.Debug|Any CPU.Build.0 = Debug|Any CPU
		{406EE09E-48B9-456C-83E9-7A570D5D8653}.Release|Any CPU.ActiveCfg = Release|Any CPU
		{406EE09E-48B9-456C-83E9-7A570D5D8653}.Release|Any CPU.Build.0 = Release|Any CPU
	EndGlobalSection
	GlobalSection(SolutionProperties) = preSolution
		HideSolutionNode = FALSE
	EndGlobalSection
	GlobalSection(ExtensibilityGlobals) = postSolution
		SolutionGuid = {FD6D4099-F3B3-41CD-BA2E-B06C0C604730}
	EndGlobalSection
EndGlobal
