
Microsoft Visual Studio Solution File, Format Version 12.00
# Visual Studio Version 17
VisualStudioVersion = 17.7.34031.279
MinimumVisualStudioVersion = 10.0.40219.1
Project("{FAE04EC0-301F-11D3-BF4B-00C04F79EFBC}") = "no16507try1", "no16507try1\no16507try1.csproj", "{D1E2E04D-882B-468D-B3F7-7964C9580EBB}"
EndProject
Global
	GlobalSection(SolutionConfigurationPlatforms) = preSolution
		Debug|Any CPU = Debug|Any CPU
		Release|Any CPU = Release|Any CPU
	EndGlobalSection
	GlobalSection(ProjectConfigurationPlatforms) = postSolution
		{D1E2E04D-882B-468D-B3F7-7964C9580EBB}.Debug|Any CPU.ActiveCfg = Debug|Any CPU
		{D1E2E04D-882B-468D-B3F7-7964C9580EBB}.Debug|Any CPU.Build.0 = Debug|Any CPU
		{D1E2E04D-882B-468D-B3F7-7964C9580EBB}.Release|Any CPU.ActiveCfg = Release|Any CPU
		{D1E2E04D-882B-468D-B3F7-7964C9580EBB}.Release|Any CPU.Build.0 = Release|Any CPU
	EndGlobalSection
	GlobalSection(SolutionProperties) = preSolution
		HideSolutionNode = FALSE
	EndGlobalSection
	GlobalSection(ExtensibilityGlobals) = postSolution
		SolutionGuid = {881EF71A-42CA-47C7-A9C2-E022974EC922}
	EndGlobalSection
EndGlobal
