
Microsoft Visual Studio Solution File, Format Version 12.00
# Visual Studio Version 17
VisualStudioVersion = 17.2.32526.322
MinimumVisualStudioVersion = 10.0.40219.1
Project("{FAE04EC0-301F-11D3-BF4B-00C04F79EFBC}") = "no1009try1", "no1009try1\no1009try1.csproj", "{F224BD3A-E60F-483F-A027-B392716E8017}"
EndProject
Global
	GlobalSection(SolutionConfigurationPlatforms) = preSolution
		Debug|Any CPU = Debug|Any CPU
		Release|Any CPU = Release|Any CPU
	EndGlobalSection
	GlobalSection(ProjectConfigurationPlatforms) = postSolution
		{F224BD3A-E60F-483F-A027-B392716E8017}.Debug|Any CPU.ActiveCfg = Debug|Any CPU
		{F224BD3A-E60F-483F-A027-B392716E8017}.Debug|Any CPU.Build.0 = Debug|Any CPU
		{F224BD3A-E60F-483F-A027-B392716E8017}.Release|Any CPU.ActiveCfg = Release|Any CPU
		{F224BD3A-E60F-483F-A027-B392716E8017}.Release|Any CPU.Build.0 = Release|Any CPU
	EndGlobalSection
	GlobalSection(SolutionProperties) = preSolution
		HideSolutionNode = FALSE
	EndGlobalSection
	GlobalSection(ExtensibilityGlobals) = postSolution
		SolutionGuid = {B2C238E1-42C5-44C3-A57F-2F90FE5A4215}
	EndGlobalSection
EndGlobal
