
Microsoft Visual Studio Solution File, Format Version 12.00
# Visual Studio Version 17
VisualStudioVersion = 17.7.34031.279
MinimumVisualStudioVersion = 10.0.40219.1
Project("{FAE04EC0-301F-11D3-BF4B-00C04F79EFBC}") = "no20301try1", "no20301try1\no20301try1.csproj", "{DF532F3F-AA2B-458E-9369-E65B4E9C4009}"
EndProject
Global
	GlobalSection(SolutionConfigurationPlatforms) = preSolution
		Debug|Any CPU = Debug|Any CPU
		Release|Any CPU = Release|Any CPU
	EndGlobalSection
	GlobalSection(ProjectConfigurationPlatforms) = postSolution
		{DF532F3F-AA2B-458E-9369-E65B4E9C4009}.Debug|Any CPU.ActiveCfg = Debug|Any CPU
		{DF532F3F-AA2B-458E-9369-E65B4E9C4009}.Debug|Any CPU.Build.0 = Debug|Any CPU
		{DF532F3F-AA2B-458E-9369-E65B4E9C4009}.Release|Any CPU.ActiveCfg = Release|Any CPU
		{DF532F3F-AA2B-458E-9369-E65B4E9C4009}.Release|Any CPU.Build.0 = Release|Any CPU
	EndGlobalSection
	GlobalSection(SolutionProperties) = preSolution
		HideSolutionNode = FALSE
	EndGlobalSection
	GlobalSection(ExtensibilityGlobals) = postSolution
		SolutionGuid = {6D170008-C6C7-4736-ADCC-2DB71835831B}
	EndGlobalSection
EndGlobal
