
Microsoft Visual Studio Solution File, Format Version 12.00
# Visual Studio Version 17
VisualStudioVersion = 17.7.34031.279
MinimumVisualStudioVersion = 10.0.40219.1
Project("{FAE04EC0-301F-11D3-BF4B-00C04F79EFBC}") = "no5613try1", "no5613try1\no5613try1.csproj", "{DF9EF83F-88E9-4D01-A199-3940639F7FC8}"
EndProject
Global
	GlobalSection(SolutionConfigurationPlatforms) = preSolution
		Debug|Any CPU = Debug|Any CPU
		Release|Any CPU = Release|Any CPU
	EndGlobalSection
	GlobalSection(ProjectConfigurationPlatforms) = postSolution
		{DF9EF83F-88E9-4D01-A199-3940639F7FC8}.Debug|Any CPU.ActiveCfg = Debug|Any CPU
		{DF9EF83F-88E9-4D01-A199-3940639F7FC8}.Debug|Any CPU.Build.0 = Debug|Any CPU
		{DF9EF83F-88E9-4D01-A199-3940639F7FC8}.Release|Any CPU.ActiveCfg = Release|Any CPU
		{DF9EF83F-88E9-4D01-A199-3940639F7FC8}.Release|Any CPU.Build.0 = Release|Any CPU
	EndGlobalSection
	GlobalSection(SolutionProperties) = preSolution
		HideSolutionNode = FALSE
	EndGlobalSection
	GlobalSection(ExtensibilityGlobals) = postSolution
		SolutionGuid = {4BC931C5-F61D-4AB1-BDDD-F634F4172A35}
	EndGlobalSection
EndGlobal
