
Microsoft Visual Studio Solution File, Format Version 12.00
# Visual Studio Version 17
VisualStudioVersion = 17.7.34031.279
MinimumVisualStudioVersion = 10.0.40219.1
Project("{FAE04EC0-301F-11D3-BF4B-00C04F79EFBC}") = "no14846try1", "no14846try1\no14846try1.csproj", "{60B24B4F-3F75-4C52-8231-E62D271361BC}"
EndProject
Global
	GlobalSection(SolutionConfigurationPlatforms) = preSolution
		Debug|Any CPU = Debug|Any CPU
		Release|Any CPU = Release|Any CPU
	EndGlobalSection
	GlobalSection(ProjectConfigurationPlatforms) = postSolution
		{60B24B4F-3F75-4C52-8231-E62D271361BC}.Debug|Any CPU.ActiveCfg = Debug|Any CPU
		{60B24B4F-3F75-4C52-8231-E62D271361BC}.Debug|Any CPU.Build.0 = Debug|Any CPU
		{60B24B4F-3F75-4C52-8231-E62D271361BC}.Release|Any CPU.ActiveCfg = Release|Any CPU
		{60B24B4F-3F75-4C52-8231-E62D271361BC}.Release|Any CPU.Build.0 = Release|Any CPU
	EndGlobalSection
	GlobalSection(SolutionProperties) = preSolution
		HideSolutionNode = FALSE
	EndGlobalSection
	GlobalSection(ExtensibilityGlobals) = postSolution
		SolutionGuid = {5215BF04-9AA0-48A9-9AA9-10A13B2AC0AF}
	EndGlobalSection
EndGlobal
