
Microsoft Visual Studio Solution File, Format Version 12.00
# Visual Studio Version 17
VisualStudioVersion = 17.7.34031.279
MinimumVisualStudioVersion = 10.0.40219.1
Project("{FAE04EC0-301F-11D3-BF4B-00C04F79EFBC}") = "no21318try1", "no21318try1\no21318try1.csproj", "{C85D35BD-F19E-4C03-A881-17EB718DB594}"
EndProject
Global
	GlobalSection(SolutionConfigurationPlatforms) = preSolution
		Debug|Any CPU = Debug|Any CPU
		Release|Any CPU = Release|Any CPU
	EndGlobalSection
	GlobalSection(ProjectConfigurationPlatforms) = postSolution
		{C85D35BD-F19E-4C03-A881-17EB718DB594}.Debug|Any CPU.ActiveCfg = Debug|Any CPU
		{C85D35BD-F19E-4C03-A881-17EB718DB594}.Debug|Any CPU.Build.0 = Debug|Any CPU
		{C85D35BD-F19E-4C03-A881-17EB718DB594}.Release|Any CPU.ActiveCfg = Release|Any CPU
		{C85D35BD-F19E-4C03-A881-17EB718DB594}.Release|Any CPU.Build.0 = Release|Any CPU
	EndGlobalSection
	GlobalSection(SolutionProperties) = preSolution
		HideSolutionNode = FALSE
	EndGlobalSection
	GlobalSection(ExtensibilityGlobals) = postSolution
		SolutionGuid = {0408DE26-F1DE-482A-97A8-04EBE2B04C88}
	EndGlobalSection
EndGlobal
