
Microsoft Visual Studio Solution File, Format Version 12.00
# Visual Studio Version 17
VisualStudioVersion = 17.2.32526.322
MinimumVisualStudioVersion = 10.0.40219.1
Project("{FAE04EC0-301F-11D3-BF4B-00C04F79EFBC}") = "no10807try1", "no10807try1\no10807try1.csproj", "{880F2EC4-E034-4B2F-B97F-AAC3A5073443}"
EndProject
Global
	GlobalSection(SolutionConfigurationPlatforms) = preSolution
		Debug|Any CPU = Debug|Any CPU
		Release|Any CPU = Release|Any CPU
	EndGlobalSection
	GlobalSection(ProjectConfigurationPlatforms) = postSolution
		{880F2EC4-E034-4B2F-B97F-AAC3A5073443}.Debug|Any CPU.ActiveCfg = Debug|Any CPU
		{880F2EC4-E034-4B2F-B97F-AAC3A5073443}.Debug|Any CPU.Build.0 = Debug|Any CPU
		{880F2EC4-E034-4B2F-B97F-AAC3A5073443}.Release|Any CPU.ActiveCfg = Release|Any CPU
		{880F2EC4-E034-4B2F-B97F-AAC3A5073443}.Release|Any CPU.Build.0 = Release|Any CPU
	EndGlobalSection
	GlobalSection(SolutionProperties) = preSolution
		HideSolutionNode = FALSE
	EndGlobalSection
	GlobalSection(ExtensibilityGlobals) = postSolution
		SolutionGuid = {D77ADA19-008E-44F5-AF00-13E20A948287}
	EndGlobalSection
EndGlobal
