
Microsoft Visual Studio Solution File, Format Version 12.00
# Visual Studio Version 17
VisualStudioVersion = 17.2.32526.322
MinimumVisualStudioVersion = 10.0.40219.1
Project("{FAE04EC0-301F-11D3-BF4B-00C04F79EFBC}") = "no8393try1", "no8393try1\no8393try1.csproj", "{3CF9ACB6-844A-43F4-8EDA-56112478B6AD}"
EndProject
Global
	GlobalSection(SolutionConfigurationPlatforms) = preSolution
		Debug|Any CPU = Debug|Any CPU
		Release|Any CPU = Release|Any CPU
	EndGlobalSection
	GlobalSection(ProjectConfigurationPlatforms) = postSolution
		{3CF9ACB6-844A-43F4-8EDA-56112478B6AD}.Debug|Any CPU.ActiveCfg = Debug|Any CPU
		{3CF9ACB6-844A-43F4-8EDA-56112478B6AD}.Debug|Any CPU.Build.0 = Debug|Any CPU
		{3CF9ACB6-844A-43F4-8EDA-56112478B6AD}.Release|Any CPU.ActiveCfg = Release|Any CPU
		{3CF9ACB6-844A-43F4-8EDA-56112478B6AD}.Release|Any CPU.Build.0 = Release|Any CPU
	EndGlobalSection
	GlobalSection(SolutionProperties) = preSolution
		HideSolutionNode = FALSE
	EndGlobalSection
	GlobalSection(ExtensibilityGlobals) = postSolution
		SolutionGuid = {28AF301C-880D-4148-9B4D-8F8D37F7A881}
	EndGlobalSection
EndGlobal
