
Microsoft Visual Studio Solution File, Format Version 12.00
# Visual Studio Version 17
VisualStudioVersion = 17.2.32526.322
MinimumVisualStudioVersion = 10.0.40219.1
Project("{FAE04EC0-301F-11D3-BF4B-00C04F79EFBC}") = "no25494try1", "no25494try1\no25494try1.csproj", "{BFDA40F0-48C3-40FF-B115-555634E0A2B2}"
EndProject
Global
	GlobalSection(SolutionConfigurationPlatforms) = preSolution
		Debug|Any CPU = Debug|Any CPU
		Release|Any CPU = Release|Any CPU
	EndGlobalSection
	GlobalSection(ProjectConfigurationPlatforms) = postSolution
		{BFDA40F0-48C3-40FF-B115-555634E0A2B2}.Debug|Any CPU.ActiveCfg = Debug|Any CPU
		{BFDA40F0-48C3-40FF-B115-555634E0A2B2}.Debug|Any CPU.Build.0 = Debug|Any CPU
		{BFDA40F0-48C3-40FF-B115-555634E0A2B2}.Release|Any CPU.ActiveCfg = Release|Any CPU
		{BFDA40F0-48C3-40FF-B115-555634E0A2B2}.Release|Any CPU.Build.0 = Release|Any CPU
	EndGlobalSection
	GlobalSection(SolutionProperties) = preSolution
		HideSolutionNode = FALSE
	EndGlobalSection
	GlobalSection(ExtensibilityGlobals) = postSolution
		SolutionGuid = {F2231EB6-215F-48F4-8F10-95E793D0656A}
	EndGlobalSection
EndGlobal
