
Microsoft Visual Studio Solution File, Format Version 12.00
# Visual Studio Version 17
VisualStudioVersion = 17.2.32526.322
MinimumVisualStudioVersion = 10.0.40219.1
Project("{FAE04EC0-301F-11D3-BF4B-00C04F79EFBC}") = "no11720try1", "no11720try1\no11720try1.csproj", "{A351B152-329A-4CE0-B5F1-E5E12EF0F30E}"
EndProject
Global
	GlobalSection(SolutionConfigurationPlatforms) = preSolution
		Debug|Any CPU = Debug|Any CPU
		Release|Any CPU = Release|Any CPU
	EndGlobalSection
	GlobalSection(ProjectConfigurationPlatforms) = postSolution
		{A351B152-329A-4CE0-B5F1-E5E12EF0F30E}.Debug|Any CPU.ActiveCfg = Debug|Any CPU
		{A351B152-329A-4CE0-B5F1-E5E12EF0F30E}.Debug|Any CPU.Build.0 = Debug|Any CPU
		{A351B152-329A-4CE0-B5F1-E5E12EF0F30E}.Release|Any CPU.ActiveCfg = Release|Any CPU
		{A351B152-329A-4CE0-B5F1-E5E12EF0F30E}.Release|Any CPU.Build.0 = Release|Any CPU
	EndGlobalSection
	GlobalSection(SolutionProperties) = preSolution
		HideSolutionNode = FALSE
	EndGlobalSection
	GlobalSection(ExtensibilityGlobals) = postSolution
		SolutionGuid = {A02A57BE-6D44-4672-960B-B1FA18AB75B0}
	EndGlobalSection
EndGlobal
