
Microsoft Visual Studio Solution File, Format Version 12.00
# Visual Studio Version 17
VisualStudioVersion = 17.7.34031.279
MinimumVisualStudioVersion = 10.0.40219.1
Project("{FAE04EC0-301F-11D3-BF4B-00C04F79EFBC}") = "no1989try1", "no1989try1\no1989try1.csproj", "{BE10DF55-7E01-4979-87DE-519E1FFDD0CB}"
EndProject
Global
	GlobalSection(SolutionConfigurationPlatforms) = preSolution
		Debug|Any CPU = Debug|Any CPU
		Release|Any CPU = Release|Any CPU
	EndGlobalSection
	GlobalSection(ProjectConfigurationPlatforms) = postSolution
		{BE10DF55-7E01-4979-87DE-519E1FFDD0CB}.Debug|Any CPU.ActiveCfg = Debug|Any CPU
		{BE10DF55-7E01-4979-87DE-519E1FFDD0CB}.Debug|Any CPU.Build.0 = Debug|Any CPU
		{BE10DF55-7E01-4979-87DE-519E1FFDD0CB}.Release|Any CPU.ActiveCfg = Release|Any CPU
		{BE10DF55-7E01-4979-87DE-519E1FFDD0CB}.Release|Any CPU.Build.0 = Release|Any CPU
	EndGlobalSection
	GlobalSection(SolutionProperties) = preSolution
		HideSolutionNode = FALSE
	EndGlobalSection
	GlobalSection(ExtensibilityGlobals) = postSolution
		SolutionGuid = {38D0CAEA-39D9-472F-8730-84AF896C11EF}
	EndGlobalSection
EndGlobal
