
Microsoft Visual Studio Solution File, Format Version 12.00
# Visual Studio Version 17
VisualStudioVersion = 17.7.34031.279
MinimumVisualStudioVersion = 10.0.40219.1
Project("{FAE04EC0-301F-11D3-BF4B-00C04F79EFBC}") = "noItry1", "noItry1\noItry1.csproj", "{3DF12F9A-6DE7-49E6-9A11-01D1CA772AB7}"
EndProject
Global
	GlobalSection(SolutionConfigurationPlatforms) = preSolution
		Debug|Any CPU = Debug|Any CPU
		Release|Any CPU = Release|Any CPU
	EndGlobalSection
	GlobalSection(ProjectConfigurationPlatforms) = postSolution
		{3DF12F9A-6DE7-49E6-9A11-01D1CA772AB7}.Debug|Any CPU.ActiveCfg = Debug|Any CPU
		{3DF12F9A-6DE7-49E6-9A11-01D1CA772AB7}.Debug|Any CPU.Build.0 = Debug|Any CPU
		{3DF12F9A-6DE7-49E6-9A11-01D1CA772AB7}.Release|Any CPU.ActiveCfg = Release|Any CPU
		{3DF12F9A-6DE7-49E6-9A11-01D1CA772AB7}.Release|Any CPU.Build.0 = Release|Any CPU
	EndGlobalSection
	GlobalSection(SolutionProperties) = preSolution
		HideSolutionNode = FALSE
	EndGlobalSection
	GlobalSection(ExtensibilityGlobals) = postSolution
		SolutionGuid = {22C3BA32-E656-4E5C-BEE7-313917EF045A}
	EndGlobalSection
EndGlobal
