
Microsoft Visual Studio Solution File, Format Version 12.00
# Visual Studio Version 17
VisualStudioVersion = 17.7.34031.279
MinimumVisualStudioVersion = 10.0.40219.1
Project("{FAE04EC0-301F-11D3-BF4B-00C04F79EFBC}") = "no6168try1", "no6168try1\no6168try1.csproj", "{660DEE62-6086-466A-A2F0-DF1261C87B8F}"
EndProject
Global
	GlobalSection(SolutionConfigurationPlatforms) = preSolution
		Debug|Any CPU = Debug|Any CPU
		Release|Any CPU = Release|Any CPU
	EndGlobalSection
	GlobalSection(ProjectConfigurationPlatforms) = postSolution
		{660DEE62-6086-466A-A2F0-DF1261C87B8F}.Debug|Any CPU.ActiveCfg = Debug|Any CPU
		{660DEE62-6086-466A-A2F0-DF1261C87B8F}.Debug|Any CPU.Build.0 = Debug|Any CPU
		{660DEE62-6086-466A-A2F0-DF1261C87B8F}.Release|Any CPU.ActiveCfg = Release|Any CPU
		{660DEE62-6086-466A-A2F0-DF1261C87B8F}.Release|Any CPU.Build.0 = Release|Any CPU
	EndGlobalSection
	GlobalSection(SolutionProperties) = preSolution
		HideSolutionNode = FALSE
	EndGlobalSection
	GlobalSection(ExtensibilityGlobals) = postSolution
		SolutionGuid = {A9B4AF72-063D-4199-8C5C-E6F8CEED275E}
	EndGlobalSection
EndGlobal
