
Microsoft Visual Studio Solution File, Format Version 12.00
# Visual Studio Version 17
VisualStudioVersion = 17.2.32526.322
MinimumVisualStudioVersion = 10.0.40219.1
Project("{FAE04EC0-301F-11D3-BF4B-00C04F79EFBC}") = "noAtry1", "noAtry1\noAtry1.csproj", "{4F63D664-8519-443F-82DF-F4A1C0273BAB}"
EndProject
Global
	GlobalSection(SolutionConfigurationPlatforms) = preSolution
		Debug|Any CPU = Debug|Any CPU
		Release|Any CPU = Release|Any CPU
	EndGlobalSection
	GlobalSection(ProjectConfigurationPlatforms) = postSolution
		{4F63D664-8519-443F-82DF-F4A1C0273BAB}.Debug|Any CPU.ActiveCfg = Debug|Any CPU
		{4F63D664-8519-443F-82DF-F4A1C0273BAB}.Debug|Any CPU.Build.0 = Debug|Any CPU
		{4F63D664-8519-443F-82DF-F4A1C0273BAB}.Release|Any CPU.ActiveCfg = Release|Any CPU
		{4F63D664-8519-443F-82DF-F4A1C0273BAB}.Release|Any CPU.Build.0 = Release|Any CPU
	EndGlobalSection
	GlobalSection(SolutionProperties) = preSolution
		HideSolutionNode = FALSE
	EndGlobalSection
	GlobalSection(ExtensibilityGlobals) = postSolution
		SolutionGuid = {5FAE75F9-278B-4BF5-BA7B-A7FEDBB91DC5}
	EndGlobalSection
EndGlobal
