
Microsoft Visual Studio Solution File, Format Version 12.00
# Visual Studio Version 17
VisualStudioVersion = 17.7.34031.279
MinimumVisualStudioVersion = 10.0.40219.1
Project("{FAE04EC0-301F-11D3-BF4B-00C04F79EFBC}") = "no9517try2", "no9517try2\no9517try2.csproj", "{85D0FFA3-B9C4-4541-B61A-9FEFF709297B}"
EndProject
Global
	GlobalSection(SolutionConfigurationPlatforms) = preSolution
		Debug|Any CPU = Debug|Any CPU
		Release|Any CPU = Release|Any CPU
	EndGlobalSection
	GlobalSection(ProjectConfigurationPlatforms) = postSolution
		{85D0FFA3-B9C4-4541-B61A-9FEFF709297B}.Debug|Any CPU.ActiveCfg = Debug|Any CPU
		{85D0FFA3-B9C4-4541-B61A-9FEFF709297B}.Debug|Any CPU.Build.0 = Debug|Any CPU
		{85D0FFA3-B9C4-4541-B61A-9FEFF709297B}.Release|Any CPU.ActiveCfg = Release|Any CPU
		{85D0FFA3-B9C4-4541-B61A-9FEFF709297B}.Release|Any CPU.Build.0 = Release|Any CPU
	EndGlobalSection
	GlobalSection(SolutionProperties) = preSolution
		HideSolutionNode = FALSE
	EndGlobalSection
	GlobalSection(ExtensibilityGlobals) = postSolution
		SolutionGuid = {3790CAA4-0AB9-4850-83AE-209E068FAA80}
	EndGlobalSection
EndGlobal
