
Microsoft Visual Studio Solution File, Format Version 12.00
# Visual Studio Version 17
VisualStudioVersion = 17.7.34031.279
MinimumVisualStudioVersion = 10.0.40219.1
Project("{FAE04EC0-301F-11D3-BF4B-00C04F79EFBC}") = "no9466try1", "no9466try1\no9466try1.csproj", "{430603DB-941D-49A9-8309-CF5DE4A8A9A6}"
EndProject
Global
	GlobalSection(SolutionConfigurationPlatforms) = preSolution
		Debug|Any CPU = Debug|Any CPU
		Release|Any CPU = Release|Any CPU
	EndGlobalSection
	GlobalSection(ProjectConfigurationPlatforms) = postSolution
		{430603DB-941D-49A9-8309-CF5DE4A8A9A6}.Debug|Any CPU.ActiveCfg = Debug|Any CPU
		{430603DB-941D-49A9-8309-CF5DE4A8A9A6}.Debug|Any CPU.Build.0 = Debug|Any CPU
		{430603DB-941D-49A9-8309-CF5DE4A8A9A6}.Release|Any CPU.ActiveCfg = Release|Any CPU
		{430603DB-941D-49A9-8309-CF5DE4A8A9A6}.Release|Any CPU.Build.0 = Release|Any CPU
	EndGlobalSection
	GlobalSection(SolutionProperties) = preSolution
		HideSolutionNode = FALSE
	EndGlobalSection
	GlobalSection(ExtensibilityGlobals) = postSolution
		SolutionGuid = {5A220613-D012-47ED-BE54-C3034A914413}
	EndGlobalSection
EndGlobal
