
Microsoft Visual Studio Solution File, Format Version 12.00
# Visual Studio Version 17
VisualStudioVersion = 17.7.34031.279
MinimumVisualStudioVersion = 10.0.40219.1
Project("{FAE04EC0-301F-11D3-BF4B-00C04F79EFBC}") = "noCtry1", "noCtry1\noCtry1.csproj", "{EE25E796-4460-45C3-ADE3-B546B305D98A}"
EndProject
Global
	GlobalSection(SolutionConfigurationPlatforms) = preSolution
		Debug|Any CPU = Debug|Any CPU
		Release|Any CPU = Release|Any CPU
	EndGlobalSection
	GlobalSection(ProjectConfigurationPlatforms) = postSolution
		{EE25E796-4460-45C3-ADE3-B546B305D98A}.Debug|Any CPU.ActiveCfg = Debug|Any CPU
		{EE25E796-4460-45C3-ADE3-B546B305D98A}.Debug|Any CPU.Build.0 = Debug|Any CPU
		{EE25E796-4460-45C3-ADE3-B546B305D98A}.Release|Any CPU.ActiveCfg = Release|Any CPU
		{EE25E796-4460-45C3-ADE3-B546B305D98A}.Release|Any CPU.Build.0 = Release|Any CPU
	EndGlobalSection
	GlobalSection(SolutionProperties) = preSolution
		HideSolutionNode = FALSE
	EndGlobalSection
	GlobalSection(ExtensibilityGlobals) = postSolution
		SolutionGuid = {2131662D-F130-47BD-BB7E-8A00FA16B4DB}
	EndGlobalSection
EndGlobal
