
Microsoft Visual Studio Solution File, Format Version 12.00
# Visual Studio Version 17
VisualStudioVersion = 17.7.34031.279
MinimumVisualStudioVersion = 10.0.40219.1
Project("{FAE04EC0-301F-11D3-BF4B-00C04F79EFBC}") = "no1914try1", "no1914try1\no1914try1.csproj", "{6086189D-6563-4770-B9EE-CDD86DA33F38}"
EndProject
Global
	GlobalSection(SolutionConfigurationPlatforms) = preSolution
		Debug|Any CPU = Debug|Any CPU
		Release|Any CPU = Release|Any CPU
	EndGlobalSection
	GlobalSection(ProjectConfigurationPlatforms) = postSolution
		{6086189D-6563-4770-B9EE-CDD86DA33F38}.Debug|Any CPU.ActiveCfg = Debug|Any CPU
		{6086189D-6563-4770-B9EE-CDD86DA33F38}.Debug|Any CPU.Build.0 = Debug|Any CPU
		{6086189D-6563-4770-B9EE-CDD86DA33F38}.Release|Any CPU.ActiveCfg = Release|Any CPU
		{6086189D-6563-4770-B9EE-CDD86DA33F38}.Release|Any CPU.Build.0 = Release|Any CPU
	EndGlobalSection
	GlobalSection(SolutionProperties) = preSolution
		HideSolutionNode = FALSE
	EndGlobalSection
	GlobalSection(ExtensibilityGlobals) = postSolution
		SolutionGuid = {B77234A8-D080-4B46-903C-259ABD1442D0}
	EndGlobalSection
EndGlobal
