
Microsoft Visual Studio Solution File, Format Version 12.00
# Visual Studio Version 17
VisualStudioVersion = 17.7.34031.279
MinimumVisualStudioVersion = 10.0.40219.1
Project("{FAE04EC0-301F-11D3-BF4B-00C04F79EFBC}") = "no12893try1", "no12893try1\no12893try1.csproj", "{1425F561-5FE9-45D1-8029-F0CEDB3C304A}"
EndProject
Global
	GlobalSection(SolutionConfigurationPlatforms) = preSolution
		Debug|Any CPU = Debug|Any CPU
		Release|Any CPU = Release|Any CPU
	EndGlobalSection
	GlobalSection(ProjectConfigurationPlatforms) = postSolution
		{1425F561-5FE9-45D1-8029-F0CEDB3C304A}.Debug|Any CPU.ActiveCfg = Debug|Any CPU
		{1425F561-5FE9-45D1-8029-F0CEDB3C304A}.Debug|Any CPU.Build.0 = Debug|Any CPU
		{1425F561-5FE9-45D1-8029-F0CEDB3C304A}.Release|Any CPU.ActiveCfg = Release|Any CPU
		{1425F561-5FE9-45D1-8029-F0CEDB3C304A}.Release|Any CPU.Build.0 = Release|Any CPU
	EndGlobalSection
	GlobalSection(SolutionProperties) = preSolution
		HideSolutionNode = FALSE
	EndGlobalSection
	GlobalSection(ExtensibilityGlobals) = postSolution
		SolutionGuid = {10E1FF71-1D6E-4F3F-A03E-F6162FDA71BA}
	EndGlobalSection
EndGlobal
