
Microsoft Visual Studio Solution File, Format Version 12.00
# Visual Studio Version 17
VisualStudioVersion = 17.7.34031.279
MinimumVisualStudioVersion = 10.0.40219.1
Project("{FAE04EC0-301F-11D3-BF4B-00C04F79EFBC}") = "noDtry1", "noDtry1\noDtry1.csproj", "{D7A3030B-4E07-4D70-A602-2DDE555FDEBF}"
EndProject
Global
	GlobalSection(SolutionConfigurationPlatforms) = preSolution
		Debug|Any CPU = Debug|Any CPU
		Release|Any CPU = Release|Any CPU
	EndGlobalSection
	GlobalSection(ProjectConfigurationPlatforms) = postSolution
		{D7A3030B-4E07-4D70-A602-2DDE555FDEBF}.Debug|Any CPU.ActiveCfg = Debug|Any CPU
		{D7A3030B-4E07-4D70-A602-2DDE555FDEBF}.Debug|Any CPU.Build.0 = Debug|Any CPU
		{D7A3030B-4E07-4D70-A602-2DDE555FDEBF}.Release|Any CPU.ActiveCfg = Release|Any CPU
		{D7A3030B-4E07-4D70-A602-2DDE555FDEBF}.Release|Any CPU.Build.0 = Release|Any CPU
	EndGlobalSection
	GlobalSection(SolutionProperties) = preSolution
		HideSolutionNode = FALSE
	EndGlobalSection
	GlobalSection(ExtensibilityGlobals) = postSolution
		SolutionGuid = {D63BD116-F54C-4830-B69D-3159CCEF0BB3}
	EndGlobalSection
EndGlobal
