
Microsoft Visual Studio Solution File, Format Version 12.00
# Visual Studio Version 17
VisualStudioVersion = 17.2.32526.322
MinimumVisualStudioVersion = 10.0.40219.1
Project("{FAE04EC0-301F-11D3-BF4B-00C04F79EFBC}") = "noAtry1", "noAtry1\noAtry1.csproj", "{D7608F11-6433-486A-A10D-B30CC1CBD09B}"
EndProject
Global
	GlobalSection(SolutionConfigurationPlatforms) = preSolution
		Debug|Any CPU = Debug|Any CPU
		Release|Any CPU = Release|Any CPU
	EndGlobalSection
	GlobalSection(ProjectConfigurationPlatforms) = postSolution
		{D7608F11-6433-486A-A10D-B30CC1CBD09B}.Debug|Any CPU.ActiveCfg = Debug|Any CPU
		{D7608F11-6433-486A-A10D-B30CC1CBD09B}.Debug|Any CPU.Build.0 = Debug|Any CPU
		{D7608F11-6433-486A-A10D-B30CC1CBD09B}.Release|Any CPU.ActiveCfg = Release|Any CPU
		{D7608F11-6433-486A-A10D-B30CC1CBD09B}.Release|Any CPU.Build.0 = Release|Any CPU
	EndGlobalSection
	GlobalSection(SolutionProperties) = preSolution
		HideSolutionNode = FALSE
	EndGlobalSection
	GlobalSection(ExtensibilityGlobals) = postSolution
		SolutionGuid = {D3BE170C-8D7C-4CCA-8208-765FB750725D}
	EndGlobalSection
EndGlobal
