
Microsoft Visual Studio Solution File, Format Version 12.00
# Visual Studio Version 17
VisualStudioVersion = 17.2.32526.322
MinimumVisualStudioVersion = 10.0.40219.1
Project("{FAE04EC0-301F-11D3-BF4B-00C04F79EFBC}") = "no9625try1", "no9625try1\no9625try1.csproj", "{997C34E2-6A4E-4815-8E57-0C0DFB20A0EE}"
EndProject
Global
	GlobalSection(SolutionConfigurationPlatforms) = preSolution
		Debug|Any CPU = Debug|Any CPU
		Release|Any CPU = Release|Any CPU
	EndGlobalSection
	GlobalSection(ProjectConfigurationPlatforms) = postSolution
		{997C34E2-6A4E-4815-8E57-0C0DFB20A0EE}.Debug|Any CPU.ActiveCfg = Debug|Any CPU
		{997C34E2-6A4E-4815-8E57-0C0DFB20A0EE}.Debug|Any CPU.Build.0 = Debug|Any CPU
		{997C34E2-6A4E-4815-8E57-0C0DFB20A0EE}.Release|Any CPU.ActiveCfg = Release|Any CPU
		{997C34E2-6A4E-4815-8E57-0C0DFB20A0EE}.Release|Any CPU.Build.0 = Release|Any CPU
	EndGlobalSection
	GlobalSection(SolutionProperties) = preSolution
		HideSolutionNode = FALSE
	EndGlobalSection
	GlobalSection(ExtensibilityGlobals) = postSolution
		SolutionGuid = {A702729D-18B4-4E86-B547-A27B02DA74F0}
	EndGlobalSection
EndGlobal
