
Microsoft Visual Studio Solution File, Format Version 12.00
# Visual Studio Version 17
VisualStudioVersion = 17.2.32526.322
MinimumVisualStudioVersion = 10.0.40219.1
Project("{FAE04EC0-301F-11D3-BF4B-00C04F79EFBC}") = "no8979try1'", "no8979try1'\no8979try1'.csproj", "{045A406C-B224-4ED5-8E03-0A56A9629A48}"
EndProject
Global
	GlobalSection(SolutionConfigurationPlatforms) = preSolution
		Debug|Any CPU = Debug|Any CPU
		Release|Any CPU = Release|Any CPU
	EndGlobalSection
	GlobalSection(ProjectConfigurationPlatforms) = postSolution
		{045A406C-B224-4ED5-8E03-0A56A9629A48}.Debug|Any CPU.ActiveCfg = Debug|Any CPU
		{045A406C-B224-4ED5-8E03-0A56A9629A48}.Debug|Any CPU.Build.0 = Debug|Any CPU
		{045A406C-B224-4ED5-8E03-0A56A9629A48}.Release|Any CPU.ActiveCfg = Release|Any CPU
		{045A406C-B224-4ED5-8E03-0A56A9629A48}.Release|Any CPU.Build.0 = Release|Any CPU
	EndGlobalSection
	GlobalSection(SolutionProperties) = preSolution
		HideSolutionNode = FALSE
	EndGlobalSection
	GlobalSection(ExtensibilityGlobals) = postSolution
		SolutionGuid = {A360CF09-88B1-4B02-A2CF-DDF1D7349D9A}
	EndGlobalSection
EndGlobal
