
Microsoft Visual Studio Solution File, Format Version 12.00
# Visual Studio Version 17
VisualStudioVersion = 17.2.32526.322
MinimumVisualStudioVersion = 10.0.40219.1
Project("{FAE04EC0-301F-11D3-BF4B-00C04F79EFBC}") = "ConsoleApp1", "ConsoleApp1\ConsoleApp1.csproj", "{BD896F96-3CB4-4B80-88B2-DAC1DF1F9131}"
EndProject
Global
	GlobalSection(SolutionConfigurationPlatforms) = preSolution
		Debug|Any CPU = Debug|Any CPU
		Release|Any CPU = Release|Any CPU
	EndGlobalSection
	GlobalSection(ProjectConfigurationPlatforms) = postSolution
		{BD896F96-3CB4-4B80-88B2-DAC1DF1F9131}.Debug|Any CPU.ActiveCfg = Debug|Any CPU
		{BD896F96-3CB4-4B80-88B2-DAC1DF1F9131}.Debug|Any CPU.Build.0 = Debug|Any CPU
		{BD896F96-3CB4-4B80-88B2-DAC1DF1F9131}.Release|Any CPU.ActiveCfg = Release|Any CPU
		{BD896F96-3CB4-4B80-88B2-DAC1DF1F9131}.Release|Any CPU.Build.0 = Release|Any CPU
	EndGlobalSection
	GlobalSection(SolutionProperties) = preSolution
		HideSolutionNode = FALSE
	EndGlobalSection
	GlobalSection(ExtensibilityGlobals) = postSolution
		SolutionGuid = {775B8CB1-D39D-4CE8-A7B6-4DBA747A3A76}
	EndGlobalSection
EndGlobal
