
Microsoft Visual Studio Solution File, Format Version 12.00
# Visual Studio Version 17
VisualStudioVersion = 17.2.32526.322
MinimumVisualStudioVersion = 10.0.40219.1
Project("{FAE04EC0-301F-11D3-BF4B-00C04F79EFBC}") = "no10797try1", "no10797try1\no10797try1.csproj", "{F3153640-9E75-4E5C-9BAF-0162AB0FA2D8}"
EndProject
Global
	GlobalSection(SolutionConfigurationPlatforms) = preSolution
		Debug|Any CPU = Debug|Any CPU
		Release|Any CPU = Release|Any CPU
	EndGlobalSection
	GlobalSection(ProjectConfigurationPlatforms) = postSolution
		{F3153640-9E75-4E5C-9BAF-0162AB0FA2D8}.Debug|Any CPU.ActiveCfg = Debug|Any CPU
		{F3153640-9E75-4E5C-9BAF-0162AB0FA2D8}.Debug|Any CPU.Build.0 = Debug|Any CPU
		{F3153640-9E75-4E5C-9BAF-0162AB0FA2D8}.Release|Any CPU.ActiveCfg = Release|Any CPU
		{F3153640-9E75-4E5C-9BAF-0162AB0FA2D8}.Release|Any CPU.Build.0 = Release|Any CPU
	EndGlobalSection
	GlobalSection(SolutionProperties) = preSolution
		HideSolutionNode = FALSE
	EndGlobalSection
	GlobalSection(ExtensibilityGlobals) = postSolution
		SolutionGuid = {B9FC5EF4-C964-4656-AB4C-D11643625B1E}
	EndGlobalSection
EndGlobal
