
Microsoft Visual Studio Solution File, Format Version 12.00
# Visual Studio Version 17
VisualStudioVersion = 17.2.32526.322
MinimumVisualStudioVersion = 10.0.40219.1
Project("{FAE04EC0-301F-11D3-BF4B-00C04F79EFBC}") = "no3003try1", "no3003try1\no3003try1.csproj", "{82B2BEEC-A3C0-4588-92F3-AC61FB22C6FA}"
EndProject
Global
	GlobalSection(SolutionConfigurationPlatforms) = preSolution
		Debug|Any CPU = Debug|Any CPU
		Release|Any CPU = Release|Any CPU
	EndGlobalSection
	GlobalSection(ProjectConfigurationPlatforms) = postSolution
		{82B2BEEC-A3C0-4588-92F3-AC61FB22C6FA}.Debug|Any CPU.ActiveCfg = Debug|Any CPU
		{82B2BEEC-A3C0-4588-92F3-AC61FB22C6FA}.Debug|Any CPU.Build.0 = Debug|Any CPU
		{82B2BEEC-A3C0-4588-92F3-AC61FB22C6FA}.Release|Any CPU.ActiveCfg = Release|Any CPU
		{82B2BEEC-A3C0-4588-92F3-AC61FB22C6FA}.Release|Any CPU.Build.0 = Release|Any CPU
	EndGlobalSection
	GlobalSection(SolutionProperties) = preSolution
		HideSolutionNode = FALSE
	EndGlobalSection
	GlobalSection(ExtensibilityGlobals) = postSolution
		SolutionGuid = {1DD61C54-EC7C-4AF4-BD1C-6A26040D8681}
	EndGlobalSection
EndGlobal
