
Microsoft Visual Studio Solution File, Format Version 12.00
# Visual Studio Version 17
VisualStudioVersion = 17.2.32526.322
MinimumVisualStudioVersion = 10.0.40219.1
Project("{FAE04EC0-301F-11D3-BF4B-00C04F79EFBC}") = "testing", "testing\testing.csproj", "{F4C3A55A-DF3E-408D-A5A1-7A38B7C960A3}"
EndProject
Global
	GlobalSection(SolutionConfigurationPlatforms) = preSolution
		Debug|Any CPU = Debug|Any CPU
		Release|Any CPU = Release|Any CPU
	EndGlobalSection
	GlobalSection(ProjectConfigurationPlatforms) = postSolution
		{F4C3A55A-DF3E-408D-A5A1-7A38B7C960A3}.Debug|Any CPU.ActiveCfg = Debug|Any CPU
		{F4C3A55A-DF3E-408D-A5A1-7A38B7C960A3}.Debug|Any CPU.Build.0 = Debug|Any CPU
		{F4C3A55A-DF3E-408D-A5A1-7A38B7C960A3}.Release|Any CPU.ActiveCfg = Release|Any CPU
		{F4C3A55A-DF3E-408D-A5A1-7A38B7C960A3}.Release|Any CPU.Build.0 = Release|Any CPU
	EndGlobalSection
	GlobalSection(SolutionProperties) = preSolution
		HideSolutionNode = FALSE
	EndGlobalSection
	GlobalSection(ExtensibilityGlobals) = postSolution
		SolutionGuid = {7B0843E4-2029-4E7D-BCF1-441CD9CFF2E1}
	EndGlobalSection
EndGlobal
