
Microsoft Visual Studio Solution File, Format Version 12.00
# Visual Studio Version 17
VisualStudioVersion = 17.2.32526.322
MinimumVisualStudioVersion = 10.0.40219.1
Project("{FAE04EC0-301F-11D3-BF4B-00C04F79EFBC}") = "no6749try1", "no6749try1\no6749try1.csproj", "{7678F37A-E3FC-488E-AEC7-901E7DDFBE41}"
EndProject
Global
	GlobalSection(SolutionConfigurationPlatforms) = preSolution
		Debug|Any CPU = Debug|Any CPU
		Release|Any CPU = Release|Any CPU
	EndGlobalSection
	GlobalSection(ProjectConfigurationPlatforms) = postSolution
		{7678F37A-E3FC-488E-AEC7-901E7DDFBE41}.Debug|Any CPU.ActiveCfg = Debug|Any CPU
		{7678F37A-E3FC-488E-AEC7-901E7DDFBE41}.Debug|Any CPU.Build.0 = Debug|Any CPU
		{7678F37A-E3FC-488E-AEC7-901E7DDFBE41}.Release|Any CPU.ActiveCfg = Release|Any CPU
		{7678F37A-E3FC-488E-AEC7-901E7DDFBE41}.Release|Any CPU.Build.0 = Release|Any CPU
	EndGlobalSection
	GlobalSection(SolutionProperties) = preSolution
		HideSolutionNode = FALSE
	EndGlobalSection
	GlobalSection(ExtensibilityGlobals) = postSolution
		SolutionGuid = {F6F57F47-52AC-4C60-94BF-398A9E8C45B2}
	EndGlobalSection
EndGlobal
