
Microsoft Visual Studio Solution File, Format Version 12.00
# Visual Studio Version 17
VisualStudioVersion = 17.7.34031.279
MinimumVisualStudioVersion = 10.0.40219.1
Project("{FAE04EC0-301F-11D3-BF4B-00C04F79EFBC}") = "noAtry1", "noAtry1\noAtry1.csproj", "{893C954B-7521-4266-A12B-394EA5621BC3}"
EndProject
Global
	GlobalSection(SolutionConfigurationPlatforms) = preSolution
		Debug|Any CPU = Debug|Any CPU
		Release|Any CPU = Release|Any CPU
	EndGlobalSection
	GlobalSection(ProjectConfigurationPlatforms) = postSolution
		{893C954B-7521-4266-A12B-394EA5621BC3}.Debug|Any CPU.ActiveCfg = Debug|Any CPU
		{893C954B-7521-4266-A12B-394EA5621BC3}.Debug|Any CPU.Build.0 = Debug|Any CPU
		{893C954B-7521-4266-A12B-394EA5621BC3}.Release|Any CPU.ActiveCfg = Release|Any CPU
		{893C954B-7521-4266-A12B-394EA5621BC3}.Release|Any CPU.Build.0 = Release|Any CPU
	EndGlobalSection
	GlobalSection(SolutionProperties) = preSolution
		HideSolutionNode = FALSE
	EndGlobalSection
	GlobalSection(ExtensibilityGlobals) = postSolution
		SolutionGuid = {FBE5776B-5DA4-42C0-B88F-7F82647921F5}
	EndGlobalSection
EndGlobal
