
Microsoft Visual Studio Solution File, Format Version 12.00
# Visual Studio Version 17
VisualStudioVersion = 17.7.34031.279
MinimumVisualStudioVersion = 10.0.40219.1
Project("{FAE04EC0-301F-11D3-BF4B-00C04F79EFBC}") = "no10569try1", "no10569try1\no10569try1.csproj", "{E45902C4-B6A0-44CA-8255-EFC658E0FBD1}"
EndProject
Global
	GlobalSection(SolutionConfigurationPlatforms) = preSolution
		Debug|Any CPU = Debug|Any CPU
		Release|Any CPU = Release|Any CPU
	EndGlobalSection
	GlobalSection(ProjectConfigurationPlatforms) = postSolution
		{E45902C4-B6A0-44CA-8255-EFC658E0FBD1}.Debug|Any CPU.ActiveCfg = Debug|Any CPU
		{E45902C4-B6A0-44CA-8255-EFC658E0FBD1}.Debug|Any CPU.Build.0 = Debug|Any CPU
		{E45902C4-B6A0-44CA-8255-EFC658E0FBD1}.Release|Any CPU.ActiveCfg = Release|Any CPU
		{E45902C4-B6A0-44CA-8255-EFC658E0FBD1}.Release|Any CPU.Build.0 = Release|Any CPU
	EndGlobalSection
	GlobalSection(SolutionProperties) = preSolution
		HideSolutionNode = FALSE
	EndGlobalSection
	GlobalSection(ExtensibilityGlobals) = postSolution
		SolutionGuid = {180127CF-978A-4B8A-AC22-F2C62B0E2854}
	EndGlobalSection
EndGlobal
