
Microsoft Visual Studio Solution File, Format Version 12.00
# Visual Studio Version 17
VisualStudioVersion = 17.2.32526.322
MinimumVisualStudioVersion = 10.0.40219.1
Project("{FAE04EC0-301F-11D3-BF4B-00C04F79EFBC}") = "no8370try1", "no8370try1\no8370try1.csproj", "{72BB6239-5349-4D7F-BCD6-57366AB46F8B}"
EndProject
Global
	GlobalSection(SolutionConfigurationPlatforms) = preSolution
		Debug|Any CPU = Debug|Any CPU
		Release|Any CPU = Release|Any CPU
	EndGlobalSection
	GlobalSection(ProjectConfigurationPlatforms) = postSolution
		{72BB6239-5349-4D7F-BCD6-57366AB46F8B}.Debug|Any CPU.ActiveCfg = Debug|Any CPU
		{72BB6239-5349-4D7F-BCD6-57366AB46F8B}.Debug|Any CPU.Build.0 = Debug|Any CPU
		{72BB6239-5349-4D7F-BCD6-57366AB46F8B}.Release|Any CPU.ActiveCfg = Release|Any CPU
		{72BB6239-5349-4D7F-BCD6-57366AB46F8B}.Release|Any CPU.Build.0 = Release|Any CPU
	EndGlobalSection
	GlobalSection(SolutionProperties) = preSolution
		HideSolutionNode = FALSE
	EndGlobalSection
	GlobalSection(ExtensibilityGlobals) = postSolution
		SolutionGuid = {1E8F2E59-DAAC-4784-A8F6-D4B2AFEBF41F}
	EndGlobalSection
EndGlobal
