
Microsoft Visual Studio Solution File, Format Version 12.00
# Visual Studio Version 17
VisualStudioVersion = 17.2.32526.322
MinimumVisualStudioVersion = 10.0.40219.1
Project("{FAE04EC0-301F-11D3-BF4B-00C04F79EFBC}") = "no10816try2", "no10816try2\no10816try2.csproj", "{B0A1BEC3-B373-446B-96C1-D0669BDFB267}"
EndProject
Global
	GlobalSection(SolutionConfigurationPlatforms) = preSolution
		Debug|Any CPU = Debug|Any CPU
		Release|Any CPU = Release|Any CPU
	EndGlobalSection
	GlobalSection(ProjectConfigurationPlatforms) = postSolution
		{B0A1BEC3-B373-446B-96C1-D0669BDFB267}.Debug|Any CPU.ActiveCfg = Debug|Any CPU
		{B0A1BEC3-B373-446B-96C1-D0669BDFB267}.Debug|Any CPU.Build.0 = Debug|Any CPU
		{B0A1BEC3-B373-446B-96C1-D0669BDFB267}.Release|Any CPU.ActiveCfg = Release|Any CPU
		{B0A1BEC3-B373-446B-96C1-D0669BDFB267}.Release|Any CPU.Build.0 = Release|Any CPU
	EndGlobalSection
	GlobalSection(SolutionProperties) = preSolution
		HideSolutionNode = FALSE
	EndGlobalSection
	GlobalSection(ExtensibilityGlobals) = postSolution
		SolutionGuid = {CCAE3932-ED07-4894-9379-F8B5AC0B0E09}
	EndGlobalSection
EndGlobal
