
Microsoft Visual Studio Solution File, Format Version 12.00
# Visual Studio Version 17
VisualStudioVersion = 17.2.32526.322
MinimumVisualStudioVersion = 10.0.40219.1
Project("{FAE04EC0-301F-11D3-BF4B-00C04F79EFBC}") = "noBtry1", "noBtry1\noBtry1.csproj", "{330B19EF-DEF6-4499-A1DB-608A5DD2B81B}"
EndProject
Global
	GlobalSection(SolutionConfigurationPlatforms) = preSolution
		Debug|Any CPU = Debug|Any CPU
		Release|Any CPU = Release|Any CPU
	EndGlobalSection
	GlobalSection(ProjectConfigurationPlatforms) = postSolution
		{330B19EF-DEF6-4499-A1DB-608A5DD2B81B}.Debug|Any CPU.ActiveCfg = Debug|Any CPU
		{330B19EF-DEF6-4499-A1DB-608A5DD2B81B}.Debug|Any CPU.Build.0 = Debug|Any CPU
		{330B19EF-DEF6-4499-A1DB-608A5DD2B81B}.Release|Any CPU.ActiveCfg = Release|Any CPU
		{330B19EF-DEF6-4499-A1DB-608A5DD2B81B}.Release|Any CPU.Build.0 = Release|Any CPU
	EndGlobalSection
	GlobalSection(SolutionProperties) = preSolution
		HideSolutionNode = FALSE
	EndGlobalSection
	GlobalSection(ExtensibilityGlobals) = postSolution
		SolutionGuid = {37EBFA72-0FB4-40A5-AB12-E9F693F822EE}
	EndGlobalSection
EndGlobal
