
Microsoft Visual Studio Solution File, Format Version 12.00
# Visual Studio Version 17
VisualStudioVersion = 17.2.32526.322
MinimumVisualStudioVersion = 10.0.40219.1
Project("{FAE04EC0-301F-11D3-BF4B-00C04F79EFBC}") = "no11659try2", "no11659try2\no11659try2.csproj", "{3F3CED5F-122E-44B2-92C2-C8E41448C538}"
EndProject
Global
	GlobalSection(SolutionConfigurationPlatforms) = preSolution
		Debug|Any CPU = Debug|Any CPU
		Release|Any CPU = Release|Any CPU
	EndGlobalSection
	GlobalSection(ProjectConfigurationPlatforms) = postSolution
		{3F3CED5F-122E-44B2-92C2-C8E41448C538}.Debug|Any CPU.ActiveCfg = Debug|Any CPU
		{3F3CED5F-122E-44B2-92C2-C8E41448C538}.Debug|Any CPU.Build.0 = Debug|Any CPU
		{3F3CED5F-122E-44B2-92C2-C8E41448C538}.Release|Any CPU.ActiveCfg = Release|Any CPU
		{3F3CED5F-122E-44B2-92C2-C8E41448C538}.Release|Any CPU.Build.0 = Release|Any CPU
	EndGlobalSection
	GlobalSection(SolutionProperties) = preSolution
		HideSolutionNode = FALSE
	EndGlobalSection
	GlobalSection(ExtensibilityGlobals) = postSolution
		SolutionGuid = {74C24806-BF27-4587-87C2-EB16330088B2}
	EndGlobalSection
EndGlobal
