
Microsoft Visual Studio Solution File, Format Version 12.00
# Visual Studio Version 17
VisualStudioVersion = 17.7.34031.279
MinimumVisualStudioVersion = 10.0.40219.1
Project("{FAE04EC0-301F-11D3-BF4B-00C04F79EFBC}") = "2623try1", "2623try1\2623try1.csproj", "{C9CA9517-90ED-4D50-ABE9-AB18A7EB2305}"
EndProject
Global
	GlobalSection(SolutionConfigurationPlatforms) = preSolution
		Debug|Any CPU = Debug|Any CPU
		Release|Any CPU = Release|Any CPU
	EndGlobalSection
	GlobalSection(ProjectConfigurationPlatforms) = postSolution
		{C9CA9517-90ED-4D50-ABE9-AB18A7EB2305}.Debug|Any CPU.ActiveCfg = Debug|Any CPU
		{C9CA9517-90ED-4D50-ABE9-AB18A7EB2305}.Debug|Any CPU.Build.0 = Debug|Any CPU
		{C9CA9517-90ED-4D50-ABE9-AB18A7EB2305}.Release|Any CPU.ActiveCfg = Release|Any CPU
		{C9CA9517-90ED-4D50-ABE9-AB18A7EB2305}.Release|Any CPU.Build.0 = Release|Any CPU
	EndGlobalSection
	GlobalSection(SolutionProperties) = preSolution
		HideSolutionNode = FALSE
	EndGlobalSection
	GlobalSection(ExtensibilityGlobals) = postSolution
		SolutionGuid = {69CF8328-E133-4DAB-A4AF-189908056A1C}
	EndGlobalSection
EndGlobal
