
Microsoft Visual Studio Solution File, Format Version 12.00
# Visual Studio Version 17
VisualStudioVersion = 17.7.34031.279
MinimumVisualStudioVersion = 10.0.40219.1
Project("{FAE04EC0-301F-11D3-BF4B-00C04F79EFBC}") = "no2503try1", "no2503try1\no2503try1.csproj", "{0FC065D7-44EC-411A-9487-FE0C38B871C3}"
EndProject
Global
	GlobalSection(SolutionConfigurationPlatforms) = preSolution
		Debug|Any CPU = Debug|Any CPU
		Release|Any CPU = Release|Any CPU
	EndGlobalSection
	GlobalSection(ProjectConfigurationPlatforms) = postSolution
		{0FC065D7-44EC-411A-9487-FE0C38B871C3}.Debug|Any CPU.ActiveCfg = Debug|Any CPU
		{0FC065D7-44EC-411A-9487-FE0C38B871C3}.Debug|Any CPU.Build.0 = Debug|Any CPU
		{0FC065D7-44EC-411A-9487-FE0C38B871C3}.Release|Any CPU.ActiveCfg = Release|Any CPU
		{0FC065D7-44EC-411A-9487-FE0C38B871C3}.Release|Any CPU.Build.0 = Release|Any CPU
	EndGlobalSection
	GlobalSection(SolutionProperties) = preSolution
		HideSolutionNode = FALSE
	EndGlobalSection
	GlobalSection(ExtensibilityGlobals) = postSolution
		SolutionGuid = {E02BB640-A353-4406-A359-AB020211DA61}
	EndGlobalSection
EndGlobal
