
Microsoft Visual Studio Solution File, Format Version 12.00
# Visual Studio Version 17
VisualStudioVersion = 17.2.32526.322
MinimumVisualStudioVersion = 10.0.40219.1
Project("{FAE04EC0-301F-11D3-BF4B-00C04F79EFBC}") = "no11726try3", "no11726try3\no11726try3.csproj", "{1A9A717F-6F49-42BE-BC84-A198C9A64327}"
EndProject
Global
	GlobalSection(SolutionConfigurationPlatforms) = preSolution
		Debug|Any CPU = Debug|Any CPU
		Release|Any CPU = Release|Any CPU
	EndGlobalSection
	GlobalSection(ProjectConfigurationPlatforms) = postSolution
		{1A9A717F-6F49-42BE-BC84-A198C9A64327}.Debug|Any CPU.ActiveCfg = Debug|Any CPU
		{1A9A717F-6F49-42BE-BC84-A198C9A64327}.Debug|Any CPU.Build.0 = Debug|Any CPU
		{1A9A717F-6F49-42BE-BC84-A198C9A64327}.Release|Any CPU.ActiveCfg = Release|Any CPU
		{1A9A717F-6F49-42BE-BC84-A198C9A64327}.Release|Any CPU.Build.0 = Release|Any CPU
	EndGlobalSection
	GlobalSection(SolutionProperties) = preSolution
		HideSolutionNode = FALSE
	EndGlobalSection
	GlobalSection(ExtensibilityGlobals) = postSolution
		SolutionGuid = {86FE7545-3009-4CE3-9616-0C3957466904}
	EndGlobalSection
EndGlobal
