
Microsoft Visual Studio Solution File, Format Version 12.00
# Visual Studio Version 17
VisualStudioVersion = 17.7.34031.279
MinimumVisualStudioVersion = 10.0.40219.1
Project("{FAE04EC0-301F-11D3-BF4B-00C04F79EFBC}") = "no2568try1", "no2568try1\no2568try1.csproj", "{338EF492-9B06-4A25-8A07-BFEC917AAA17}"
EndProject
Global
	GlobalSection(SolutionConfigurationPlatforms) = preSolution
		Debug|Any CPU = Debug|Any CPU
		Release|Any CPU = Release|Any CPU
	EndGlobalSection
	GlobalSection(ProjectConfigurationPlatforms) = postSolution
		{338EF492-9B06-4A25-8A07-BFEC917AAA17}.Debug|Any CPU.ActiveCfg = Debug|Any CPU
		{338EF492-9B06-4A25-8A07-BFEC917AAA17}.Debug|Any CPU.Build.0 = Debug|Any CPU
		{338EF492-9B06-4A25-8A07-BFEC917AAA17}.Release|Any CPU.ActiveCfg = Release|Any CPU
		{338EF492-9B06-4A25-8A07-BFEC917AAA17}.Release|Any CPU.Build.0 = Release|Any CPU
	EndGlobalSection
	GlobalSection(SolutionProperties) = preSolution
		HideSolutionNode = FALSE
	EndGlobalSection
	GlobalSection(ExtensibilityGlobals) = postSolution
		SolutionGuid = {9E6D8CBA-5D67-4990-B78A-A759C86A094A}
	EndGlobalSection
EndGlobal
