
Microsoft Visual Studio Solution File, Format Version 12.00
# Visual Studio Version 17
VisualStudioVersion = 17.7.34031.279
MinimumVisualStudioVersion = 10.0.40219.1
Project("{FAE04EC0-301F-11D3-BF4B-00C04F79EFBC}") = "no4883try1", "no4883try1\no4883try1.csproj", "{A29DF707-0D2C-47AE-9E0D-F872C366E085}"
EndProject
Global
	GlobalSection(SolutionConfigurationPlatforms) = preSolution
		Debug|Any CPU = Debug|Any CPU
		Release|Any CPU = Release|Any CPU
	EndGlobalSection
	GlobalSection(ProjectConfigurationPlatforms) = postSolution
		{A29DF707-0D2C-47AE-9E0D-F872C366E085}.Debug|Any CPU.ActiveCfg = Debug|Any CPU
		{A29DF707-0D2C-47AE-9E0D-F872C366E085}.Debug|Any CPU.Build.0 = Debug|Any CPU
		{A29DF707-0D2C-47AE-9E0D-F872C366E085}.Release|Any CPU.ActiveCfg = Release|Any CPU
		{A29DF707-0D2C-47AE-9E0D-F872C366E085}.Release|Any CPU.Build.0 = Release|Any CPU
	EndGlobalSection
	GlobalSection(SolutionProperties) = preSolution
		HideSolutionNode = FALSE
	EndGlobalSection
	GlobalSection(ExtensibilityGlobals) = postSolution
		SolutionGuid = {50028CC7-A7FC-41B6-B2D2-5987C8B0DC80}
	EndGlobalSection
EndGlobal
