
Microsoft Visual Studio Solution File, Format Version 12.00
# Visual Studio Version 17
VisualStudioVersion = 17.7.34031.279
MinimumVisualStudioVersion = 10.0.40219.1
Project("{FAE04EC0-301F-11D3-BF4B-00C04F79EFBC}") = "no2194try1", "no2194try1\no2194try1.csproj", "{644BB2C4-EE18-4CEA-A652-F2B1EE265003}"
EndProject
Global
	GlobalSection(SolutionConfigurationPlatforms) = preSolution
		Debug|Any CPU = Debug|Any CPU
		Release|Any CPU = Release|Any CPU
	EndGlobalSection
	GlobalSection(ProjectConfigurationPlatforms) = postSolution
		{644BB2C4-EE18-4CEA-A652-F2B1EE265003}.Debug|Any CPU.ActiveCfg = Debug|Any CPU
		{644BB2C4-EE18-4CEA-A652-F2B1EE265003}.Debug|Any CPU.Build.0 = Debug|Any CPU
		{644BB2C4-EE18-4CEA-A652-F2B1EE265003}.Release|Any CPU.ActiveCfg = Release|Any CPU
		{644BB2C4-EE18-4CEA-A652-F2B1EE265003}.Release|Any CPU.Build.0 = Release|Any CPU
	EndGlobalSection
	GlobalSection(SolutionProperties) = preSolution
		HideSolutionNode = FALSE
	EndGlobalSection
	GlobalSection(ExtensibilityGlobals) = postSolution
		SolutionGuid = {D1F49D15-9D3E-4345-8255-C1A57AE46553}
	EndGlobalSection
EndGlobal
