
Microsoft Visual Studio Solution File, Format Version 12.00
# Visual Studio Version 17
VisualStudioVersion = 17.2.32526.322
MinimumVisualStudioVersion = 10.0.40219.1
Project("{FAE04EC0-301F-11D3-BF4B-00C04F79EFBC}") = "noC", "noC\noC.csproj", "{C464333F-F09E-4F73-BBB8-F93E3F0102DD}"
EndProject
Global
	GlobalSection(SolutionConfigurationPlatforms) = preSolution
		Debug|Any CPU = Debug|Any CPU
		Release|Any CPU = Release|Any CPU
	EndGlobalSection
	GlobalSection(ProjectConfigurationPlatforms) = postSolution
		{C464333F-F09E-4F73-BBB8-F93E3F0102DD}.Debug|Any CPU.ActiveCfg = Debug|Any CPU
		{C464333F-F09E-4F73-BBB8-F93E3F0102DD}.Debug|Any CPU.Build.0 = Debug|Any CPU
		{C464333F-F09E-4F73-BBB8-F93E3F0102DD}.Release|Any CPU.ActiveCfg = Release|Any CPU
		{C464333F-F09E-4F73-BBB8-F93E3F0102DD}.Release|Any CPU.Build.0 = Release|Any CPU
	EndGlobalSection
	GlobalSection(SolutionProperties) = preSolution
		HideSolutionNode = FALSE
	EndGlobalSection
	GlobalSection(ExtensibilityGlobals) = postSolution
		SolutionGuid = {35517599-AA26-4DA7-8000-F5917262BB6D}
	EndGlobalSection
EndGlobal
