
Microsoft Visual Studio Solution File, Format Version 12.00
# Visual Studio Version 17
VisualStudioVersion = 17.7.34031.279
MinimumVisualStudioVersion = 10.0.40219.1
Project("{FAE04EC0-301F-11D3-BF4B-00C04F79EFBC}") = "no17387try1", "no17387try1\no17387try1.csproj", "{89510BA7-61CD-4C17-B619-42388B5F83FC}"
EndProject
Global
	GlobalSection(SolutionConfigurationPlatforms) = preSolution
		Debug|Any CPU = Debug|Any CPU
		Release|Any CPU = Release|Any CPU
	EndGlobalSection
	GlobalSection(ProjectConfigurationPlatforms) = postSolution
		{89510BA7-61CD-4C17-B619-42388B5F83FC}.Debug|Any CPU.ActiveCfg = Debug|Any CPU
		{89510BA7-61CD-4C17-B619-42388B5F83FC}.Debug|Any CPU.Build.0 = Debug|Any CPU
		{89510BA7-61CD-4C17-B619-42388B5F83FC}.Release|Any CPU.ActiveCfg = Release|Any CPU
		{89510BA7-61CD-4C17-B619-42388B5F83FC}.Release|Any CPU.Build.0 = Release|Any CPU
	EndGlobalSection
	GlobalSection(SolutionProperties) = preSolution
		HideSolutionNode = FALSE
	EndGlobalSection
	GlobalSection(ExtensibilityGlobals) = postSolution
		SolutionGuid = {380F65F1-4F2D-4B0B-9208-78074CD591D3}
	EndGlobalSection
EndGlobal
