
Microsoft Visual Studio Solution File, Format Version 12.00
# Visual Studio Version 17
VisualStudioVersion = 17.2.32526.322
MinimumVisualStudioVersion = 10.0.40219.1
Project("{FAE04EC0-301F-11D3-BF4B-00C04F79EFBC}") = "no10811try1", "no10811try1\no10811try1.csproj", "{72BE7A5E-A309-4511-B3C8-63FD4E112724}"
EndProject
Global
	GlobalSection(SolutionConfigurationPlatforms) = preSolution
		Debug|Any CPU = Debug|Any CPU
		Release|Any CPU = Release|Any CPU
	EndGlobalSection
	GlobalSection(ProjectConfigurationPlatforms) = postSolution
		{72BE7A5E-A309-4511-B3C8-63FD4E112724}.Debug|Any CPU.ActiveCfg = Debug|Any CPU
		{72BE7A5E-A309-4511-B3C8-63FD4E112724}.Debug|Any CPU.Build.0 = Debug|Any CPU
		{72BE7A5E-A309-4511-B3C8-63FD4E112724}.Release|Any CPU.ActiveCfg = Release|Any CPU
		{72BE7A5E-A309-4511-B3C8-63FD4E112724}.Release|Any CPU.Build.0 = Release|Any CPU
	EndGlobalSection
	GlobalSection(SolutionProperties) = preSolution
		HideSolutionNode = FALSE
	EndGlobalSection
	GlobalSection(ExtensibilityGlobals) = postSolution
		SolutionGuid = {E206EEEB-DC95-4CD6-A08B-8F2CE3E662C6}
	EndGlobalSection
EndGlobal
