
Microsoft Visual Studio Solution File, Format Version 12.00
# Visual Studio Version 17
VisualStudioVersion = 17.2.32526.322
MinimumVisualStudioVersion = 10.0.40219.1
Project("{FAE04EC0-301F-11D3-BF4B-00C04F79EFBC}") = "no10162try1", "no10162try1\no10162try1.csproj", "{B7D1A260-E17D-4D65-B77B-7C92A9787A4E}"
EndProject
Global
	GlobalSection(SolutionConfigurationPlatforms) = preSolution
		Debug|Any CPU = Debug|Any CPU
		Release|Any CPU = Release|Any CPU
	EndGlobalSection
	GlobalSection(ProjectConfigurationPlatforms) = postSolution
		{B7D1A260-E17D-4D65-B77B-7C92A9787A4E}.Debug|Any CPU.ActiveCfg = Debug|Any CPU
		{B7D1A260-E17D-4D65-B77B-7C92A9787A4E}.Debug|Any CPU.Build.0 = Debug|Any CPU
		{B7D1A260-E17D-4D65-B77B-7C92A9787A4E}.Release|Any CPU.ActiveCfg = Release|Any CPU
		{B7D1A260-E17D-4D65-B77B-7C92A9787A4E}.Release|Any CPU.Build.0 = Release|Any CPU
	EndGlobalSection
	GlobalSection(SolutionProperties) = preSolution
		HideSolutionNode = FALSE
	EndGlobalSection
	GlobalSection(ExtensibilityGlobals) = postSolution
		SolutionGuid = {0E0CEFF1-C92F-4628-B4FB-74001ABB6391}
	EndGlobalSection
EndGlobal
