
Microsoft Visual Studio Solution File, Format Version 12.00
# Visual Studio Version 17
VisualStudioVersion = 17.2.32526.322
MinimumVisualStudioVersion = 10.0.40219.1
Project("{FAE04EC0-301F-11D3-BF4B-00C04F79EFBC}") = "no26566try1", "no26566try1\no26566try1.csproj", "{F31CE001-23B0-4368-A726-CFA1A1C8B1FA}"
EndProject
Global
	GlobalSection(SolutionConfigurationPlatforms) = preSolution
		Debug|Any CPU = Debug|Any CPU
		Release|Any CPU = Release|Any CPU
	EndGlobalSection
	GlobalSection(ProjectConfigurationPlatforms) = postSolution
		{F31CE001-23B0-4368-A726-CFA1A1C8B1FA}.Debug|Any CPU.ActiveCfg = Debug|Any CPU
		{F31CE001-23B0-4368-A726-CFA1A1C8B1FA}.Debug|Any CPU.Build.0 = Debug|Any CPU
		{F31CE001-23B0-4368-A726-CFA1A1C8B1FA}.Release|Any CPU.ActiveCfg = Release|Any CPU
		{F31CE001-23B0-4368-A726-CFA1A1C8B1FA}.Release|Any CPU.Build.0 = Release|Any CPU
	EndGlobalSection
	GlobalSection(SolutionProperties) = preSolution
		HideSolutionNode = FALSE
	EndGlobalSection
	GlobalSection(ExtensibilityGlobals) = postSolution
		SolutionGuid = {82AB0F0B-9912-4CAE-B908-678B867D853B}
	EndGlobalSection
EndGlobal
