
Microsoft Visual Studio Solution File, Format Version 12.00
# Visual Studio Version 17
VisualStudioVersion = 17.2.32526.322
MinimumVisualStudioVersion = 10.0.40219.1
Project("{FAE04EC0-301F-11D3-BF4B-00C04F79EFBC}") = "no1932try1", "no1932try1\no1932try1.csproj", "{9F830E18-23E9-4A3F-9A61-6556A4F3CCE8}"
EndProject
Global
	GlobalSection(SolutionConfigurationPlatforms) = preSolution
		Debug|Any CPU = Debug|Any CPU
		Release|Any CPU = Release|Any CPU
	EndGlobalSection
	GlobalSection(ProjectConfigurationPlatforms) = postSolution
		{9F830E18-23E9-4A3F-9A61-6556A4F3CCE8}.Debug|Any CPU.ActiveCfg = Debug|Any CPU
		{9F830E18-23E9-4A3F-9A61-6556A4F3CCE8}.Debug|Any CPU.Build.0 = Debug|Any CPU
		{9F830E18-23E9-4A3F-9A61-6556A4F3CCE8}.Release|Any CPU.ActiveCfg = Release|Any CPU
		{9F830E18-23E9-4A3F-9A61-6556A4F3CCE8}.Release|Any CPU.Build.0 = Release|Any CPU
	EndGlobalSection
	GlobalSection(SolutionProperties) = preSolution
		HideSolutionNode = FALSE
	EndGlobalSection
	GlobalSection(ExtensibilityGlobals) = postSolution
		SolutionGuid = {CB875B5E-11BB-4D83-94E2-EFA3ECCEE5E3}
	EndGlobalSection
EndGlobal
