
Microsoft Visual Studio Solution File, Format Version 12.00
# Visual Studio Version 17
VisualStudioVersion = 17.7.34031.279
MinimumVisualStudioVersion = 10.0.40219.1
Project("{FAE04EC0-301F-11D3-BF4B-00C04F79EFBC}") = "no9229try1", "no9229try1\no9229try1.csproj", "{9B2759B3-31B9-4FBF-A447-C3984A1597C2}"
EndProject
Global
	GlobalSection(SolutionConfigurationPlatforms) = preSolution
		Debug|Any CPU = Debug|Any CPU
		Release|Any CPU = Release|Any CPU
	EndGlobalSection
	GlobalSection(ProjectConfigurationPlatforms) = postSolution
		{9B2759B3-31B9-4FBF-A447-C3984A1597C2}.Debug|Any CPU.ActiveCfg = Debug|Any CPU
		{9B2759B3-31B9-4FBF-A447-C3984A1597C2}.Debug|Any CPU.Build.0 = Debug|Any CPU
		{9B2759B3-31B9-4FBF-A447-C3984A1597C2}.Release|Any CPU.ActiveCfg = Release|Any CPU
		{9B2759B3-31B9-4FBF-A447-C3984A1597C2}.Release|Any CPU.Build.0 = Release|Any CPU
	EndGlobalSection
	GlobalSection(SolutionProperties) = preSolution
		HideSolutionNode = FALSE
	EndGlobalSection
	GlobalSection(ExtensibilityGlobals) = postSolution
		SolutionGuid = {5A35E30C-53BE-43DD-A65B-EEC3DA61C77C}
	EndGlobalSection
EndGlobal
