
Microsoft Visual Studio Solution File, Format Version 12.00
# Visual Studio Version 17
VisualStudioVersion = 17.7.34031.279
MinimumVisualStudioVersion = 10.0.40219.1
Project("{FAE04EC0-301F-11D3-BF4B-00C04F79EFBC}") = "no10996try1", "no10996try1\no10996try1.csproj", "{E6265B31-F976-4DDF-B87D-352E981B742F}"
EndProject
Global
	GlobalSection(SolutionConfigurationPlatforms) = preSolution
		Debug|Any CPU = Debug|Any CPU
		Release|Any CPU = Release|Any CPU
	EndGlobalSection
	GlobalSection(ProjectConfigurationPlatforms) = postSolution
		{E6265B31-F976-4DDF-B87D-352E981B742F}.Debug|Any CPU.ActiveCfg = Debug|Any CPU
		{E6265B31-F976-4DDF-B87D-352E981B742F}.Debug|Any CPU.Build.0 = Debug|Any CPU
		{E6265B31-F976-4DDF-B87D-352E981B742F}.Release|Any CPU.ActiveCfg = Release|Any CPU
		{E6265B31-F976-4DDF-B87D-352E981B742F}.Release|Any CPU.Build.0 = Release|Any CPU
	EndGlobalSection
	GlobalSection(SolutionProperties) = preSolution
		HideSolutionNode = FALSE
	EndGlobalSection
	GlobalSection(ExtensibilityGlobals) = postSolution
		SolutionGuid = {44B888B5-FE48-4A59-9F1F-972ABA15D93D}
	EndGlobalSection
EndGlobal
