
Microsoft Visual Studio Solution File, Format Version 12.00
# Visual Studio Version 17
VisualStudioVersion = 17.2.32526.322
MinimumVisualStudioVersion = 10.0.40219.1
Project("{FAE04EC0-301F-11D3-BF4B-00C04F79EFBC}") = "no2869try1", "no2869try1\no2869try1.csproj", "{3652AE54-B4DB-4A27-BC81-65D1C064B539}"
EndProject
Global
	GlobalSection(SolutionConfigurationPlatforms) = preSolution
		Debug|Any CPU = Debug|Any CPU
		Release|Any CPU = Release|Any CPU
	EndGlobalSection
	GlobalSection(ProjectConfigurationPlatforms) = postSolution
		{3652AE54-B4DB-4A27-BC81-65D1C064B539}.Debug|Any CPU.ActiveCfg = Debug|Any CPU
		{3652AE54-B4DB-4A27-BC81-65D1C064B539}.Debug|Any CPU.Build.0 = Debug|Any CPU
		{3652AE54-B4DB-4A27-BC81-65D1C064B539}.Release|Any CPU.ActiveCfg = Release|Any CPU
		{3652AE54-B4DB-4A27-BC81-65D1C064B539}.Release|Any CPU.Build.0 = Release|Any CPU
	EndGlobalSection
	GlobalSection(SolutionProperties) = preSolution
		HideSolutionNode = FALSE
	EndGlobalSection
	GlobalSection(ExtensibilityGlobals) = postSolution
		SolutionGuid = {DDFC541A-D60B-4750-8193-3C7B41CD426F}
	EndGlobalSection
EndGlobal
