
Microsoft Visual Studio Solution File, Format Version 12.00
# Visual Studio Version 17
VisualStudioVersion = 17.2.32526.322
MinimumVisualStudioVersion = 10.0.40219.1
Project("{FAE04EC0-301F-11D3-BF4B-00C04F79EFBC}") = "no15683try1", "no15683try1\no15683try1.csproj", "{ADB0086D-217F-439A-9F8C-0DCAA803B9CC}"
EndProject
Global
	GlobalSection(SolutionConfigurationPlatforms) = preSolution
		Debug|Any CPU = Debug|Any CPU
		Release|Any CPU = Release|Any CPU
	EndGlobalSection
	GlobalSection(ProjectConfigurationPlatforms) = postSolution
		{ADB0086D-217F-439A-9F8C-0DCAA803B9CC}.Debug|Any CPU.ActiveCfg = Debug|Any CPU
		{ADB0086D-217F-439A-9F8C-0DCAA803B9CC}.Debug|Any CPU.Build.0 = Debug|Any CPU
		{ADB0086D-217F-439A-9F8C-0DCAA803B9CC}.Release|Any CPU.ActiveCfg = Release|Any CPU
		{ADB0086D-217F-439A-9F8C-0DCAA803B9CC}.Release|Any CPU.Build.0 = Release|Any CPU
	EndGlobalSection
	GlobalSection(SolutionProperties) = preSolution
		HideSolutionNode = FALSE
	EndGlobalSection
	GlobalSection(ExtensibilityGlobals) = postSolution
		SolutionGuid = {7457F504-B8A8-41CE-B0B8-DAE6DEF2E2B8}
	EndGlobalSection
EndGlobal
