
Microsoft Visual Studio Solution File, Format Version 12.00
# Visual Studio Version 17
VisualStudioVersion = 17.2.32526.322
MinimumVisualStudioVersion = 10.0.40219.1
Project("{FAE04EC0-301F-11D3-BF4B-00C04F79EFBC}") = "noAtry1", "noAtry1\noAtry1.csproj", "{8909B65B-1C70-49C2-89BB-37D8DC7C3DD5}"
EndProject
Global
	GlobalSection(SolutionConfigurationPlatforms) = preSolution
		Debug|Any CPU = Debug|Any CPU
		Release|Any CPU = Release|Any CPU
	EndGlobalSection
	GlobalSection(ProjectConfigurationPlatforms) = postSolution
		{8909B65B-1C70-49C2-89BB-37D8DC7C3DD5}.Debug|Any CPU.ActiveCfg = Debug|Any CPU
		{8909B65B-1C70-49C2-89BB-37D8DC7C3DD5}.Debug|Any CPU.Build.0 = Debug|Any CPU
		{8909B65B-1C70-49C2-89BB-37D8DC7C3DD5}.Release|Any CPU.ActiveCfg = Release|Any CPU
		{8909B65B-1C70-49C2-89BB-37D8DC7C3DD5}.Release|Any CPU.Build.0 = Release|Any CPU
	EndGlobalSection
	GlobalSection(SolutionProperties) = preSolution
		HideSolutionNode = FALSE
	EndGlobalSection
	GlobalSection(ExtensibilityGlobals) = postSolution
		SolutionGuid = {D7E9B972-274B-4B36-8833-36874C886694}
	EndGlobalSection
EndGlobal
