
Microsoft Visual Studio Solution File, Format Version 12.00
# Visual Studio Version 17
VisualStudioVersion = 17.7.34031.279
MinimumVisualStudioVersion = 10.0.40219.1
Project("{FAE04EC0-301F-11D3-BF4B-00C04F79EFBC}") = "no19843try1", "no19843try1\no19843try1.csproj", "{4000DD28-202D-478F-8D9D-AAACB4891EB8}"
EndProject
Global
	GlobalSection(SolutionConfigurationPlatforms) = preSolution
		Debug|Any CPU = Debug|Any CPU
		Release|Any CPU = Release|Any CPU
	EndGlobalSection
	GlobalSection(ProjectConfigurationPlatforms) = postSolution
		{4000DD28-202D-478F-8D9D-AAACB4891EB8}.Debug|Any CPU.ActiveCfg = Debug|Any CPU
		{4000DD28-202D-478F-8D9D-AAACB4891EB8}.Debug|Any CPU.Build.0 = Debug|Any CPU
		{4000DD28-202D-478F-8D9D-AAACB4891EB8}.Release|Any CPU.ActiveCfg = Release|Any CPU
		{4000DD28-202D-478F-8D9D-AAACB4891EB8}.Release|Any CPU.Build.0 = Release|Any CPU
	EndGlobalSection
	GlobalSection(SolutionProperties) = preSolution
		HideSolutionNode = FALSE
	EndGlobalSection
	GlobalSection(ExtensibilityGlobals) = postSolution
		SolutionGuid = {686B6085-E9F7-4CA6-948F-4D4E5B3828E1}
	EndGlobalSection
EndGlobal
