
Microsoft Visual Studio Solution File, Format Version 12.00
# Visual Studio Version 17
VisualStudioVersion = 17.7.34031.279
MinimumVisualStudioVersion = 10.0.40219.1
Project("{FAE04EC0-301F-11D3-BF4B-00C04F79EFBC}") = "no2506try1", "no2506try1\no2506try1.csproj", "{D0E580B5-1521-4F99-824B-32234F945543}"
EndProject
Global
	GlobalSection(SolutionConfigurationPlatforms) = preSolution
		Debug|Any CPU = Debug|Any CPU
		Release|Any CPU = Release|Any CPU
	EndGlobalSection
	GlobalSection(ProjectConfigurationPlatforms) = postSolution
		{D0E580B5-1521-4F99-824B-32234F945543}.Debug|Any CPU.ActiveCfg = Debug|Any CPU
		{D0E580B5-1521-4F99-824B-32234F945543}.Debug|Any CPU.Build.0 = Debug|Any CPU
		{D0E580B5-1521-4F99-824B-32234F945543}.Release|Any CPU.ActiveCfg = Release|Any CPU
		{D0E580B5-1521-4F99-824B-32234F945543}.Release|Any CPU.Build.0 = Release|Any CPU
	EndGlobalSection
	GlobalSection(SolutionProperties) = preSolution
		HideSolutionNode = FALSE
	EndGlobalSection
	GlobalSection(ExtensibilityGlobals) = postSolution
		SolutionGuid = {54D6FD1E-85B8-4877-B34C-FE4E3C21C954}
	EndGlobalSection
EndGlobal
