
Microsoft Visual Studio Solution File, Format Version 12.00
# Visual Studio Version 17
VisualStudioVersion = 17.7.34031.279
MinimumVisualStudioVersion = 10.0.40219.1
Project("{FAE04EC0-301F-11D3-BF4B-00C04F79EFBC}") = "no1267try1", "no1267try1\no1267try1.csproj", "{183B865D-7CDE-427A-B8BC-03186468E3EF}"
EndProject
Global
	GlobalSection(SolutionConfigurationPlatforms) = preSolution
		Debug|Any CPU = Debug|Any CPU
		Release|Any CPU = Release|Any CPU
	EndGlobalSection
	GlobalSection(ProjectConfigurationPlatforms) = postSolution
		{183B865D-7CDE-427A-B8BC-03186468E3EF}.Debug|Any CPU.ActiveCfg = Debug|Any CPU
		{183B865D-7CDE-427A-B8BC-03186468E3EF}.Debug|Any CPU.Build.0 = Debug|Any CPU
		{183B865D-7CDE-427A-B8BC-03186468E3EF}.Release|Any CPU.ActiveCfg = Release|Any CPU
		{183B865D-7CDE-427A-B8BC-03186468E3EF}.Release|Any CPU.Build.0 = Release|Any CPU
	EndGlobalSection
	GlobalSection(SolutionProperties) = preSolution
		HideSolutionNode = FALSE
	EndGlobalSection
	GlobalSection(ExtensibilityGlobals) = postSolution
		SolutionGuid = {DFB9B220-1A67-489C-936B-E0770EF29CA1}
	EndGlobalSection
EndGlobal
