
Microsoft Visual Studio Solution File, Format Version 12.00
# Visual Studio Version 17
VisualStudioVersion = 17.2.32526.322
MinimumVisualStudioVersion = 10.0.40219.1
Project("{FAE04EC0-301F-11D3-BF4B-00C04F79EFBC}") = "no14924try1", "no14924try1\no14924try1.csproj", "{A9EA28D2-9327-427F-9C1B-C172C1822A9E}"
EndProject
Global
	GlobalSection(SolutionConfigurationPlatforms) = preSolution
		Debug|Any CPU = Debug|Any CPU
		Release|Any CPU = Release|Any CPU
	EndGlobalSection
	GlobalSection(ProjectConfigurationPlatforms) = postSolution
		{A9EA28D2-9327-427F-9C1B-C172C1822A9E}.Debug|Any CPU.ActiveCfg = Debug|Any CPU
		{A9EA28D2-9327-427F-9C1B-C172C1822A9E}.Debug|Any CPU.Build.0 = Debug|Any CPU
		{A9EA28D2-9327-427F-9C1B-C172C1822A9E}.Release|Any CPU.ActiveCfg = Release|Any CPU
		{A9EA28D2-9327-427F-9C1B-C172C1822A9E}.Release|Any CPU.Build.0 = Release|Any CPU
	EndGlobalSection
	GlobalSection(SolutionProperties) = preSolution
		HideSolutionNode = FALSE
	EndGlobalSection
	GlobalSection(ExtensibilityGlobals) = postSolution
		SolutionGuid = {1B9D774D-40B9-4057-878C-D322ED215C8A}
	EndGlobalSection
EndGlobal
