
Microsoft Visual Studio Solution File, Format Version 12.00
# Visual Studio Version 17
VisualStudioVersion = 17.2.32526.322
MinimumVisualStudioVersion = 10.0.40219.1
Project("{FAE04EC0-301F-11D3-BF4B-00C04F79EFBC}") = "try1", "try1\try1.csproj", "{C5BE8BAF-433E-46C3-9FE4-2DE118B7FFD3}"
EndProject
Global
	GlobalSection(SolutionConfigurationPlatforms) = preSolution
		Debug|Any CPU = Debug|Any CPU
		Release|Any CPU = Release|Any CPU
	EndGlobalSection
	GlobalSection(ProjectConfigurationPlatforms) = postSolution
		{C5BE8BAF-433E-46C3-9FE4-2DE118B7FFD3}.Debug|Any CPU.ActiveCfg = Debug|Any CPU
		{C5BE8BAF-433E-46C3-9FE4-2DE118B7FFD3}.Debug|Any CPU.Build.0 = Debug|Any CPU
		{C5BE8BAF-433E-46C3-9FE4-2DE118B7FFD3}.Release|Any CPU.ActiveCfg = Release|Any CPU
		{C5BE8BAF-433E-46C3-9FE4-2DE118B7FFD3}.Release|Any CPU.Build.0 = Release|Any CPU
	EndGlobalSection
	GlobalSection(SolutionProperties) = preSolution
		HideSolutionNode = FALSE
	EndGlobalSection
	GlobalSection(ExtensibilityGlobals) = postSolution
		SolutionGuid = {BEA4D502-AA6E-4C80-A399-04AB520FDA9B}
	EndGlobalSection
EndGlobal
