
Microsoft Visual Studio Solution File, Format Version 12.00
# Visual Studio Version 17
VisualStudioVersion = 17.2.32526.322
MinimumVisualStudioVersion = 10.0.40219.1
Project("{FAE04EC0-301F-11D3-BF4B-00C04F79EFBC}") = "no2742try1", "no2742try1\no2742try1.csproj", "{80078BA1-1DB8-4B33-95CB-7432CAA74C2E}"
EndProject
Global
	GlobalSection(SolutionConfigurationPlatforms) = preSolution
		Debug|Any CPU = Debug|Any CPU
		Release|Any CPU = Release|Any CPU
	EndGlobalSection
	GlobalSection(ProjectConfigurationPlatforms) = postSolution
		{80078BA1-1DB8-4B33-95CB-7432CAA74C2E}.Debug|Any CPU.ActiveCfg = Debug|Any CPU
		{80078BA1-1DB8-4B33-95CB-7432CAA74C2E}.Debug|Any CPU.Build.0 = Debug|Any CPU
		{80078BA1-1DB8-4B33-95CB-7432CAA74C2E}.Release|Any CPU.ActiveCfg = Release|Any CPU
		{80078BA1-1DB8-4B33-95CB-7432CAA74C2E}.Release|Any CPU.Build.0 = Release|Any CPU
	EndGlobalSection
	GlobalSection(SolutionProperties) = preSolution
		HideSolutionNode = FALSE
	EndGlobalSection
	GlobalSection(ExtensibilityGlobals) = postSolution
		SolutionGuid = {DA69B513-1EC3-42CB-9A1A-A5563200FC63}
	EndGlobalSection
EndGlobal
