
Microsoft Visual Studio Solution File, Format Version 12.00
# Visual Studio Version 17
VisualStudioVersion = 17.2.32526.322
MinimumVisualStudioVersion = 10.0.40219.1
Project("{FAE04EC0-301F-11D3-BF4B-00C04F79EFBC}") = "no11404try1", "no11404try1\no11404try1.csproj", "{E2F2EC89-05D2-4BDD-ADDF-E1B19CD70947}"
EndProject
Global
	GlobalSection(SolutionConfigurationPlatforms) = preSolution
		Debug|Any CPU = Debug|Any CPU
		Release|Any CPU = Release|Any CPU
	EndGlobalSection
	GlobalSection(ProjectConfigurationPlatforms) = postSolution
		{E2F2EC89-05D2-4BDD-ADDF-E1B19CD70947}.Debug|Any CPU.ActiveCfg = Debug|Any CPU
		{E2F2EC89-05D2-4BDD-ADDF-E1B19CD70947}.Debug|Any CPU.Build.0 = Debug|Any CPU
		{E2F2EC89-05D2-4BDD-ADDF-E1B19CD70947}.Release|Any CPU.ActiveCfg = Release|Any CPU
		{E2F2EC89-05D2-4BDD-ADDF-E1B19CD70947}.Release|Any CPU.Build.0 = Release|Any CPU
	EndGlobalSection
	GlobalSection(SolutionProperties) = preSolution
		HideSolutionNode = FALSE
	EndGlobalSection
	GlobalSection(ExtensibilityGlobals) = postSolution
		SolutionGuid = {B58D34B4-676A-40C2-92A3-2028B48C7533}
	EndGlobalSection
EndGlobal
