
Microsoft Visual Studio Solution File, Format Version 12.00
# Visual Studio Version 17
VisualStudioVersion = 17.7.34031.279
MinimumVisualStudioVersion = 10.0.40219.1
Project("{FAE04EC0-301F-11D3-BF4B-00C04F79EFBC}") = "no15780try1", "no15780try1\no15780try1.csproj", "{C836D000-C74A-417D-9CB0-8A8BBD8482E5}"
EndProject
Global
	GlobalSection(SolutionConfigurationPlatforms) = preSolution
		Debug|Any CPU = Debug|Any CPU
		Release|Any CPU = Release|Any CPU
	EndGlobalSection
	GlobalSection(ProjectConfigurationPlatforms) = postSolution
		{C836D000-C74A-417D-9CB0-8A8BBD8482E5}.Debug|Any CPU.ActiveCfg = Debug|Any CPU
		{C836D000-C74A-417D-9CB0-8A8BBD8482E5}.Debug|Any CPU.Build.0 = Debug|Any CPU
		{C836D000-C74A-417D-9CB0-8A8BBD8482E5}.Release|Any CPU.ActiveCfg = Release|Any CPU
		{C836D000-C74A-417D-9CB0-8A8BBD8482E5}.Release|Any CPU.Build.0 = Release|Any CPU
	EndGlobalSection
	GlobalSection(SolutionProperties) = preSolution
		HideSolutionNode = FALSE
	EndGlobalSection
	GlobalSection(ExtensibilityGlobals) = postSolution
		SolutionGuid = {EA7A16E6-E6AC-4AA8-8E6F-DB2941C4104E}
	EndGlobalSection
EndGlobal
