
Microsoft Visual Studio Solution File, Format Version 12.00
# Visual Studio Version 17
VisualStudioVersion = 17.7.34031.279
MinimumVisualStudioVersion = 10.0.40219.1
Project("{FAE04EC0-301F-11D3-BF4B-00C04F79EFBC}") = "no2443try1", "no2443try1\no2443try1.csproj", "{06785BDC-ABB6-4A55-9C8C-B03B0D72E388}"
EndProject
Global
	GlobalSection(SolutionConfigurationPlatforms) = preSolution
		Debug|Any CPU = Debug|Any CPU
		Release|Any CPU = Release|Any CPU
	EndGlobalSection
	GlobalSection(ProjectConfigurationPlatforms) = postSolution
		{06785BDC-ABB6-4A55-9C8C-B03B0D72E388}.Debug|Any CPU.ActiveCfg = Debug|Any CPU
		{06785BDC-ABB6-4A55-9C8C-B03B0D72E388}.Debug|Any CPU.Build.0 = Debug|Any CPU
		{06785BDC-ABB6-4A55-9C8C-B03B0D72E388}.Release|Any CPU.ActiveCfg = Release|Any CPU
		{06785BDC-ABB6-4A55-9C8C-B03B0D72E388}.Release|Any CPU.Build.0 = Release|Any CPU
	EndGlobalSection
	GlobalSection(SolutionProperties) = preSolution
		HideSolutionNode = FALSE
	EndGlobalSection
	GlobalSection(ExtensibilityGlobals) = postSolution
		SolutionGuid = {0945EF8D-F02E-4DC9-AEAE-64A34B53BFCA}
	EndGlobalSection
EndGlobal
