
Microsoft Visual Studio Solution File, Format Version 12.00
# Visual Studio Version 17
VisualStudioVersion = 17.2.32526.322
MinimumVisualStudioVersion = 10.0.40219.1
Project("{FAE04EC0-301F-11D3-BF4B-00C04F79EFBC}") = "no3004try1", "no3004try1\no3004try1.csproj", "{68D8BA5C-08A1-4C59-BBDB-35572DEA73F4}"
EndProject
Global
	GlobalSection(SolutionConfigurationPlatforms) = preSolution
		Debug|Any CPU = Debug|Any CPU
		Release|Any CPU = Release|Any CPU
	EndGlobalSection
	GlobalSection(ProjectConfigurationPlatforms) = postSolution
		{68D8BA5C-08A1-4C59-BBDB-35572DEA73F4}.Debug|Any CPU.ActiveCfg = Debug|Any CPU
		{68D8BA5C-08A1-4C59-BBDB-35572DEA73F4}.Debug|Any CPU.Build.0 = Debug|Any CPU
		{68D8BA5C-08A1-4C59-BBDB-35572DEA73F4}.Release|Any CPU.ActiveCfg = Release|Any CPU
		{68D8BA5C-08A1-4C59-BBDB-35572DEA73F4}.Release|Any CPU.Build.0 = Release|Any CPU
	EndGlobalSection
	GlobalSection(SolutionProperties) = preSolution
		HideSolutionNode = FALSE
	EndGlobalSection
	GlobalSection(ExtensibilityGlobals) = postSolution
		SolutionGuid = {A89892E5-8A06-4B89-AD72-5261ED8AF7BD}
	EndGlobalSection
EndGlobal
