
Microsoft Visual Studio Solution File, Format Version 12.00
# Visual Studio Version 17
VisualStudioVersion = 17.7.34031.279
MinimumVisualStudioVersion = 10.0.40219.1
Project("{FAE04EC0-301F-11D3-BF4B-00C04F79EFBC}") = "noHtry1", "noHtry1\noHtry1.csproj", "{83444188-5D50-4AE2-92C5-1FF5566ED901}"
EndProject
Global
	GlobalSection(SolutionConfigurationPlatforms) = preSolution
		Debug|Any CPU = Debug|Any CPU
		Release|Any CPU = Release|Any CPU
	EndGlobalSection
	GlobalSection(ProjectConfigurationPlatforms) = postSolution
		{83444188-5D50-4AE2-92C5-1FF5566ED901}.Debug|Any CPU.ActiveCfg = Debug|Any CPU
		{83444188-5D50-4AE2-92C5-1FF5566ED901}.Debug|Any CPU.Build.0 = Debug|Any CPU
		{83444188-5D50-4AE2-92C5-1FF5566ED901}.Release|Any CPU.ActiveCfg = Release|Any CPU
		{83444188-5D50-4AE2-92C5-1FF5566ED901}.Release|Any CPU.Build.0 = Release|Any CPU
	EndGlobalSection
	GlobalSection(SolutionProperties) = preSolution
		HideSolutionNode = FALSE
	EndGlobalSection
	GlobalSection(ExtensibilityGlobals) = postSolution
		SolutionGuid = {E7A2D3A1-3B87-40D2-AA21-DEEE628DC580}
	EndGlobalSection
EndGlobal
