
Microsoft Visual Studio Solution File, Format Version 12.00
# Visual Studio Version 17
VisualStudioVersion = 17.7.34031.279
MinimumVisualStudioVersion = 10.0.40219.1
Project("{FAE04EC0-301F-11D3-BF4B-00C04F79EFBC}") = "no2473try1", "no2473try1\no2473try1.csproj", "{B7E71CEE-E00A-44D1-889F-E3EE646FD777}"
EndProject
Global
	GlobalSection(SolutionConfigurationPlatforms) = preSolution
		Debug|Any CPU = Debug|Any CPU
		Release|Any CPU = Release|Any CPU
	EndGlobalSection
	GlobalSection(ProjectConfigurationPlatforms) = postSolution
		{B7E71CEE-E00A-44D1-889F-E3EE646FD777}.Debug|Any CPU.ActiveCfg = Debug|Any CPU
		{B7E71CEE-E00A-44D1-889F-E3EE646FD777}.Debug|Any CPU.Build.0 = Debug|Any CPU
		{B7E71CEE-E00A-44D1-889F-E3EE646FD777}.Release|Any CPU.ActiveCfg = Release|Any CPU
		{B7E71CEE-E00A-44D1-889F-E3EE646FD777}.Release|Any CPU.Build.0 = Release|Any CPU
	EndGlobalSection
	GlobalSection(SolutionProperties) = preSolution
		HideSolutionNode = FALSE
	EndGlobalSection
	GlobalSection(ExtensibilityGlobals) = postSolution
		SolutionGuid = {159BD2BF-0106-47AA-959E-C1AFF6DFD211}
	EndGlobalSection
EndGlobal
