
Microsoft Visual Studio Solution File, Format Version 12.00
# Visual Studio Version 17
VisualStudioVersion = 17.7.34031.279
MinimumVisualStudioVersion = 10.0.40219.1
Project("{FAE04EC0-301F-11D3-BF4B-00C04F79EFBC}") = "no28432try1", "no28432try1\no28432try1.csproj", "{FD4FB9BC-CBE0-4BFB-839E-61B332BA47DD}"
EndProject
Global
	GlobalSection(SolutionConfigurationPlatforms) = preSolution
		Debug|Any CPU = Debug|Any CPU
		Release|Any CPU = Release|Any CPU
	EndGlobalSection
	GlobalSection(ProjectConfigurationPlatforms) = postSolution
		{FD4FB9BC-CBE0-4BFB-839E-61B332BA47DD}.Debug|Any CPU.ActiveCfg = Debug|Any CPU
		{FD4FB9BC-CBE0-4BFB-839E-61B332BA47DD}.Debug|Any CPU.Build.0 = Debug|Any CPU
		{FD4FB9BC-CBE0-4BFB-839E-61B332BA47DD}.Release|Any CPU.ActiveCfg = Release|Any CPU
		{FD4FB9BC-CBE0-4BFB-839E-61B332BA47DD}.Release|Any CPU.Build.0 = Release|Any CPU
	EndGlobalSection
	GlobalSection(SolutionProperties) = preSolution
		HideSolutionNode = FALSE
	EndGlobalSection
	GlobalSection(ExtensibilityGlobals) = postSolution
		SolutionGuid = {018858DA-7949-4CF7-82C7-95B5173227BF}
	EndGlobalSection
EndGlobal
