
Microsoft Visual Studio Solution File, Format Version 12.00
# Visual Studio Version 17
VisualStudioVersion = 17.2.32526.322
MinimumVisualStudioVersion = 10.0.40219.1
Project("{FAE04EC0-301F-11D3-BF4B-00C04F79EFBC}") = "no17362try1", "no17362try1\no17362try1.csproj", "{D716626D-BD54-483C-96DC-D00433DA708D}"
EndProject
Global
	GlobalSection(SolutionConfigurationPlatforms) = preSolution
		Debug|Any CPU = Debug|Any CPU
		Release|Any CPU = Release|Any CPU
	EndGlobalSection
	GlobalSection(ProjectConfigurationPlatforms) = postSolution
		{D716626D-BD54-483C-96DC-D00433DA708D}.Debug|Any CPU.ActiveCfg = Debug|Any CPU
		{D716626D-BD54-483C-96DC-D00433DA708D}.Debug|Any CPU.Build.0 = Debug|Any CPU
		{D716626D-BD54-483C-96DC-D00433DA708D}.Release|Any CPU.ActiveCfg = Release|Any CPU
		{D716626D-BD54-483C-96DC-D00433DA708D}.Release|Any CPU.Build.0 = Release|Any CPU
	EndGlobalSection
	GlobalSection(SolutionProperties) = preSolution
		HideSolutionNode = FALSE
	EndGlobalSection
	GlobalSection(ExtensibilityGlobals) = postSolution
		SolutionGuid = {9A25324C-1ACD-4946-9A5C-ABE5F6E71505}
	EndGlobalSection
EndGlobal
