
Microsoft Visual Studio Solution File, Format Version 12.00
# Visual Studio Version 17
VisualStudioVersion = 17.7.34031.279
MinimumVisualStudioVersion = 10.0.40219.1
Project("{FAE04EC0-301F-11D3-BF4B-00C04F79EFBC}") = "no16139try1", "no16139try1\no16139try1.csproj", "{5A8EE9D1-E0C0-416B-BCAA-1CAE7600AB32}"
EndProject
Global
	GlobalSection(SolutionConfigurationPlatforms) = preSolution
		Debug|Any CPU = Debug|Any CPU
		Release|Any CPU = Release|Any CPU
	EndGlobalSection
	GlobalSection(ProjectConfigurationPlatforms) = postSolution
		{5A8EE9D1-E0C0-416B-BCAA-1CAE7600AB32}.Debug|Any CPU.ActiveCfg = Debug|Any CPU
		{5A8EE9D1-E0C0-416B-BCAA-1CAE7600AB32}.Debug|Any CPU.Build.0 = Debug|Any CPU
		{5A8EE9D1-E0C0-416B-BCAA-1CAE7600AB32}.Release|Any CPU.ActiveCfg = Release|Any CPU
		{5A8EE9D1-E0C0-416B-BCAA-1CAE7600AB32}.Release|Any CPU.Build.0 = Release|Any CPU
	EndGlobalSection
	GlobalSection(SolutionProperties) = preSolution
		HideSolutionNode = FALSE
	EndGlobalSection
	GlobalSection(ExtensibilityGlobals) = postSolution
		SolutionGuid = {D3C253F6-97F0-4DDD-9180-20AA9526368D}
	EndGlobalSection
EndGlobal
