
Microsoft Visual Studio Solution File, Format Version 12.00
# Visual Studio Version 17
VisualStudioVersion = 17.2.32526.322
MinimumVisualStudioVersion = 10.0.40219.1
Project("{FAE04EC0-301F-11D3-BF4B-00C04F79EFBC}") = "no2864try1", "no2864try1\no2864try1.csproj", "{DBD8F71C-9942-4E3D-B23B-AFDAB990966A}"
EndProject
Global
	GlobalSection(SolutionConfigurationPlatforms) = preSolution
		Debug|Any CPU = Debug|Any CPU
		Release|Any CPU = Release|Any CPU
	EndGlobalSection
	GlobalSection(ProjectConfigurationPlatforms) = postSolution
		{DBD8F71C-9942-4E3D-B23B-AFDAB990966A}.Debug|Any CPU.ActiveCfg = Debug|Any CPU
		{DBD8F71C-9942-4E3D-B23B-AFDAB990966A}.Debug|Any CPU.Build.0 = Debug|Any CPU
		{DBD8F71C-9942-4E3D-B23B-AFDAB990966A}.Release|Any CPU.ActiveCfg = Release|Any CPU
		{DBD8F71C-9942-4E3D-B23B-AFDAB990966A}.Release|Any CPU.Build.0 = Release|Any CPU
	EndGlobalSection
	GlobalSection(SolutionProperties) = preSolution
		HideSolutionNode = FALSE
	EndGlobalSection
	GlobalSection(ExtensibilityGlobals) = postSolution
		SolutionGuid = {E26C154C-BAC0-4BE2-B2DC-5254BD425334}
	EndGlobalSection
EndGlobal
