
Microsoft Visual Studio Solution File, Format Version 12.00
# Visual Studio Version 17
VisualStudioVersion = 17.2.32526.322
MinimumVisualStudioVersion = 10.0.40219.1
Project("{FAE04EC0-301F-11D3-BF4B-00C04F79EFBC}") = "no2903try1", "no2903try1\no2903try1.csproj", "{87A89FAA-2746-41E8-8457-573294D0BBA0}"
EndProject
Global
	GlobalSection(SolutionConfigurationPlatforms) = preSolution
		Debug|Any CPU = Debug|Any CPU
		Release|Any CPU = Release|Any CPU
	EndGlobalSection
	GlobalSection(ProjectConfigurationPlatforms) = postSolution
		{87A89FAA-2746-41E8-8457-573294D0BBA0}.Debug|Any CPU.ActiveCfg = Debug|Any CPU
		{87A89FAA-2746-41E8-8457-573294D0BBA0}.Debug|Any CPU.Build.0 = Debug|Any CPU
		{87A89FAA-2746-41E8-8457-573294D0BBA0}.Release|Any CPU.ActiveCfg = Release|Any CPU
		{87A89FAA-2746-41E8-8457-573294D0BBA0}.Release|Any CPU.Build.0 = Release|Any CPU
	EndGlobalSection
	GlobalSection(SolutionProperties) = preSolution
		HideSolutionNode = FALSE
	EndGlobalSection
	GlobalSection(ExtensibilityGlobals) = postSolution
		SolutionGuid = {2CE575AD-5868-4931-9737-BA4B58421E67}
	EndGlobalSection
EndGlobal
