
Microsoft Visual Studio Solution File, Format Version 12.00
# Visual Studio Version 17
VisualStudioVersion = 17.2.32526.322
MinimumVisualStudioVersion = 10.0.40219.1
Project("{FAE04EC0-301F-11D3-BF4B-00C04F79EFBC}") = "no11279try1", "no11279try1\no11279try1.csproj", "{625C14CB-1876-4726-BD77-2BF458A6C4ED}"
EndProject
Global
	GlobalSection(SolutionConfigurationPlatforms) = preSolution
		Debug|Any CPU = Debug|Any CPU
		Release|Any CPU = Release|Any CPU
	EndGlobalSection
	GlobalSection(ProjectConfigurationPlatforms) = postSolution
		{625C14CB-1876-4726-BD77-2BF458A6C4ED}.Debug|Any CPU.ActiveCfg = Debug|Any CPU
		{625C14CB-1876-4726-BD77-2BF458A6C4ED}.Debug|Any CPU.Build.0 = Debug|Any CPU
		{625C14CB-1876-4726-BD77-2BF458A6C4ED}.Release|Any CPU.ActiveCfg = Release|Any CPU
		{625C14CB-1876-4726-BD77-2BF458A6C4ED}.Release|Any CPU.Build.0 = Release|Any CPU
	EndGlobalSection
	GlobalSection(SolutionProperties) = preSolution
		HideSolutionNode = FALSE
	EndGlobalSection
	GlobalSection(ExtensibilityGlobals) = postSolution
		SolutionGuid = {7C9E3715-849E-414B-BC38-716376FEFE3E}
	EndGlobalSection
EndGlobal
