
Microsoft Visual Studio Solution File, Format Version 12.00
# Visual Studio Version 17
VisualStudioVersion = 17.2.32526.322
MinimumVisualStudioVersion = 10.0.40219.1
Project("{FAE04EC0-301F-11D3-BF4B-00C04F79EFBC}") = "no10430try1", "no10430try1\no10430try1.csproj", "{4F6AEFD3-0E60-4EB2-B68C-698A4E51AEAD}"
EndProject
Global
	GlobalSection(SolutionConfigurationPlatforms) = preSolution
		Debug|Any CPU = Debug|Any CPU
		Release|Any CPU = Release|Any CPU
	EndGlobalSection
	GlobalSection(ProjectConfigurationPlatforms) = postSolution
		{4F6AEFD3-0E60-4EB2-B68C-698A4E51AEAD}.Debug|Any CPU.ActiveCfg = Debug|Any CPU
		{4F6AEFD3-0E60-4EB2-B68C-698A4E51AEAD}.Debug|Any CPU.Build.0 = Debug|Any CPU
		{4F6AEFD3-0E60-4EB2-B68C-698A4E51AEAD}.Release|Any CPU.ActiveCfg = Release|Any CPU
		{4F6AEFD3-0E60-4EB2-B68C-698A4E51AEAD}.Release|Any CPU.Build.0 = Release|Any CPU
	EndGlobalSection
	GlobalSection(SolutionProperties) = preSolution
		HideSolutionNode = FALSE
	EndGlobalSection
	GlobalSection(ExtensibilityGlobals) = postSolution
		SolutionGuid = {05701584-F7B9-421C-822C-1F732E952812}
	EndGlobalSection
EndGlobal
