
Microsoft Visual Studio Solution File, Format Version 12.00
# Visual Studio Version 17
VisualStudioVersion = 17.7.34031.279
MinimumVisualStudioVersion = 10.0.40219.1
Project("{FAE04EC0-301F-11D3-BF4B-00C04F79EFBC}") = "no17350try1", "no17350try1\no17350try1.csproj", "{2078FB9F-0718-40B3-825F-02B724DAB7D9}"
EndProject
Global
	GlobalSection(SolutionConfigurationPlatforms) = preSolution
		Debug|Any CPU = Debug|Any CPU
		Release|Any CPU = Release|Any CPU
	EndGlobalSection
	GlobalSection(ProjectConfigurationPlatforms) = postSolution
		{2078FB9F-0718-40B3-825F-02B724DAB7D9}.Debug|Any CPU.ActiveCfg = Debug|Any CPU
		{2078FB9F-0718-40B3-825F-02B724DAB7D9}.Debug|Any CPU.Build.0 = Debug|Any CPU
		{2078FB9F-0718-40B3-825F-02B724DAB7D9}.Release|Any CPU.ActiveCfg = Release|Any CPU
		{2078FB9F-0718-40B3-825F-02B724DAB7D9}.Release|Any CPU.Build.0 = Release|Any CPU
	EndGlobalSection
	GlobalSection(SolutionProperties) = preSolution
		HideSolutionNode = FALSE
	EndGlobalSection
	GlobalSection(ExtensibilityGlobals) = postSolution
		SolutionGuid = {3F41A7AA-8CD4-47C9-86E8-76FDF44A2759}
	EndGlobalSection
EndGlobal
