
Microsoft Visual Studio Solution File, Format Version 12.00
# Visual Studio Version 17
VisualStudioVersion = 17.7.34031.279
MinimumVisualStudioVersion = 10.0.40219.1
Project("{FAE04EC0-301F-11D3-BF4B-00C04F79EFBC}") = "no17390try1", "no17390try1\no17390try1.csproj", "{70BC601A-67B1-4D84-BCC3-941C5B4A2F01}"
EndProject
Global
	GlobalSection(SolutionConfigurationPlatforms) = preSolution
		Debug|Any CPU = Debug|Any CPU
		Release|Any CPU = Release|Any CPU
	EndGlobalSection
	GlobalSection(ProjectConfigurationPlatforms) = postSolution
		{70BC601A-67B1-4D84-BCC3-941C5B4A2F01}.Debug|Any CPU.ActiveCfg = Debug|Any CPU
		{70BC601A-67B1-4D84-BCC3-941C5B4A2F01}.Debug|Any CPU.Build.0 = Debug|Any CPU
		{70BC601A-67B1-4D84-BCC3-941C5B4A2F01}.Release|Any CPU.ActiveCfg = Release|Any CPU
		{70BC601A-67B1-4D84-BCC3-941C5B4A2F01}.Release|Any CPU.Build.0 = Release|Any CPU
	EndGlobalSection
	GlobalSection(SolutionProperties) = preSolution
		HideSolutionNode = FALSE
	EndGlobalSection
	GlobalSection(ExtensibilityGlobals) = postSolution
		SolutionGuid = {50F5CB6A-AD5A-45E3-9D53-1D786686DB2D}
	EndGlobalSection
EndGlobal
