
Microsoft Visual Studio Solution File, Format Version 12.00
# Visual Studio Version 17
VisualStudioVersion = 17.2.32526.322
MinimumVisualStudioVersion = 10.0.40219.1
Project("{FAE04EC0-301F-11D3-BF4B-00C04F79EFBC}") = "no7662try2", "no7662try2\no7662try2.csproj", "{B1C63BAA-A3BF-4D5F-B175-10391D795491}"
EndProject
Global
	GlobalSection(SolutionConfigurationPlatforms) = preSolution
		Debug|Any CPU = Debug|Any CPU
		Release|Any CPU = Release|Any CPU
	EndGlobalSection
	GlobalSection(ProjectConfigurationPlatforms) = postSolution
		{B1C63BAA-A3BF-4D5F-B175-10391D795491}.Debug|Any CPU.ActiveCfg = Debug|Any CPU
		{B1C63BAA-A3BF-4D5F-B175-10391D795491}.Debug|Any CPU.Build.0 = Debug|Any CPU
		{B1C63BAA-A3BF-4D5F-B175-10391D795491}.Release|Any CPU.ActiveCfg = Release|Any CPU
		{B1C63BAA-A3BF-4D5F-B175-10391D795491}.Release|Any CPU.Build.0 = Release|Any CPU
	EndGlobalSection
	GlobalSection(SolutionProperties) = preSolution
		HideSolutionNode = FALSE
	EndGlobalSection
	GlobalSection(ExtensibilityGlobals) = postSolution
		SolutionGuid = {0D1C1196-43B3-4769-881A-2C5BF596012B}
	EndGlobalSection
EndGlobal
