
Microsoft Visual Studio Solution File, Format Version 12.00
# Visual Studio Version 17
VisualStudioVersion = 17.7.34031.279
MinimumVisualStudioVersion = 10.0.40219.1
Project("{FAE04EC0-301F-11D3-BF4B-00C04F79EFBC}") = "no29700try1", "no29700try1\no29700try1.csproj", "{F5DA022F-3AD9-482B-9D51-A71AB88E910B}"
EndProject
Global
	GlobalSection(SolutionConfigurationPlatforms) = preSolution
		Debug|Any CPU = Debug|Any CPU
		Release|Any CPU = Release|Any CPU
	EndGlobalSection
	GlobalSection(ProjectConfigurationPlatforms) = postSolution
		{F5DA022F-3AD9-482B-9D51-A71AB88E910B}.Debug|Any CPU.ActiveCfg = Debug|Any CPU
		{F5DA022F-3AD9-482B-9D51-A71AB88E910B}.Debug|Any CPU.Build.0 = Debug|Any CPU
		{F5DA022F-3AD9-482B-9D51-A71AB88E910B}.Release|Any CPU.ActiveCfg = Release|Any CPU
		{F5DA022F-3AD9-482B-9D51-A71AB88E910B}.Release|Any CPU.Build.0 = Release|Any CPU
	EndGlobalSection
	GlobalSection(SolutionProperties) = preSolution
		HideSolutionNode = FALSE
	EndGlobalSection
	GlobalSection(ExtensibilityGlobals) = postSolution
		SolutionGuid = {2FBF919F-50C5-4F00-85B9-0FB74F256AA1}
	EndGlobalSection
EndGlobal
