
Microsoft Visual Studio Solution File, Format Version 12.00
# Visual Studio Version 17
VisualStudioVersion = 17.2.32526.322
MinimumVisualStudioVersion = 10.0.40219.1
Project("{FAE04EC0-301F-11D3-BF4B-00C04F79EFBC}") = "no2606try1", "no2606try1\no2606try1.csproj", "{2F8840D1-9674-4050-8B3E-222D2A7CAFCA}"
EndProject
Global
	GlobalSection(SolutionConfigurationPlatforms) = preSolution
		Debug|Any CPU = Debug|Any CPU
		Release|Any CPU = Release|Any CPU
	EndGlobalSection
	GlobalSection(ProjectConfigurationPlatforms) = postSolution
		{2F8840D1-9674-4050-8B3E-222D2A7CAFCA}.Debug|Any CPU.ActiveCfg = Debug|Any CPU
		{2F8840D1-9674-4050-8B3E-222D2A7CAFCA}.Debug|Any CPU.Build.0 = Debug|Any CPU
		{2F8840D1-9674-4050-8B3E-222D2A7CAFCA}.Release|Any CPU.ActiveCfg = Release|Any CPU
		{2F8840D1-9674-4050-8B3E-222D2A7CAFCA}.Release|Any CPU.Build.0 = Release|Any CPU
	EndGlobalSection
	GlobalSection(SolutionProperties) = preSolution
		HideSolutionNode = FALSE
	EndGlobalSection
	GlobalSection(ExtensibilityGlobals) = postSolution
		SolutionGuid = {261AD3EC-2A61-4217-92B9-ED0696C06B64}
	EndGlobalSection
EndGlobal
