
Microsoft Visual Studio Solution File, Format Version 12.00
# Visual Studio Version 17
VisualStudioVersion = 17.2.32526.322
MinimumVisualStudioVersion = 10.0.40219.1
Project("{FAE04EC0-301F-11D3-BF4B-00C04F79EFBC}") = "no25372try1", "no25372try1\no25372try1.csproj", "{DA570B5C-E385-4AFD-A8E7-212E10EF3C0F}"
EndProject
Global
	GlobalSection(SolutionConfigurationPlatforms) = preSolution
		Debug|Any CPU = Debug|Any CPU
		Release|Any CPU = Release|Any CPU
	EndGlobalSection
	GlobalSection(ProjectConfigurationPlatforms) = postSolution
		{DA570B5C-E385-4AFD-A8E7-212E10EF3C0F}.Debug|Any CPU.ActiveCfg = Debug|Any CPU
		{DA570B5C-E385-4AFD-A8E7-212E10EF3C0F}.Debug|Any CPU.Build.0 = Debug|Any CPU
		{DA570B5C-E385-4AFD-A8E7-212E10EF3C0F}.Release|Any CPU.ActiveCfg = Release|Any CPU
		{DA570B5C-E385-4AFD-A8E7-212E10EF3C0F}.Release|Any CPU.Build.0 = Release|Any CPU
	EndGlobalSection
	GlobalSection(SolutionProperties) = preSolution
		HideSolutionNode = FALSE
	EndGlobalSection
	GlobalSection(ExtensibilityGlobals) = postSolution
		SolutionGuid = {A5F41E6F-1125-432E-9188-A9B74BF60F77}
	EndGlobalSection
EndGlobal
