
Microsoft Visual Studio Solution File, Format Version 12.00
# Visual Studio Version 17
VisualStudioVersion = 17.2.32526.322
MinimumVisualStudioVersion = 10.0.40219.1
Project("{FAE04EC0-301F-11D3-BF4B-00C04F79EFBC}") = "no5171try1", "no5171try1\no5171try1.csproj", "{21A00CC0-CD47-4DDB-9407-D48B1773D925}"
EndProject
Global
	GlobalSection(SolutionConfigurationPlatforms) = preSolution
		Debug|Any CPU = Debug|Any CPU
		Release|Any CPU = Release|Any CPU
	EndGlobalSection
	GlobalSection(ProjectConfigurationPlatforms) = postSolution
		{21A00CC0-CD47-4DDB-9407-D48B1773D925}.Debug|Any CPU.ActiveCfg = Debug|Any CPU
		{21A00CC0-CD47-4DDB-9407-D48B1773D925}.Debug|Any CPU.Build.0 = Debug|Any CPU
		{21A00CC0-CD47-4DDB-9407-D48B1773D925}.Release|Any CPU.ActiveCfg = Release|Any CPU
		{21A00CC0-CD47-4DDB-9407-D48B1773D925}.Release|Any CPU.Build.0 = Release|Any CPU
	EndGlobalSection
	GlobalSection(SolutionProperties) = preSolution
		HideSolutionNode = FALSE
	EndGlobalSection
	GlobalSection(ExtensibilityGlobals) = postSolution
		SolutionGuid = {AE96ACD8-C528-47B2-A527-3D3A9F78DE21}
	EndGlobalSection
EndGlobal
