
Microsoft Visual Studio Solution File, Format Version 12.00
# Visual Studio Version 17
VisualStudioVersion = 17.2.32526.322
MinimumVisualStudioVersion = 10.0.40219.1
Project("{FAE04EC0-301F-11D3-BF4B-00C04F79EFBC}") = "no1599try1", "no1599try1\no1599try1.csproj", "{20DBED51-6871-4DAC-B0ED-66CBC3EC6BA6}"
EndProject
Global
	GlobalSection(SolutionConfigurationPlatforms) = preSolution
		Debug|Any CPU = Debug|Any CPU
		Release|Any CPU = Release|Any CPU
	EndGlobalSection
	GlobalSection(ProjectConfigurationPlatforms) = postSolution
		{20DBED51-6871-4DAC-B0ED-66CBC3EC6BA6}.Debug|Any CPU.ActiveCfg = Debug|Any CPU
		{20DBED51-6871-4DAC-B0ED-66CBC3EC6BA6}.Debug|Any CPU.Build.0 = Debug|Any CPU
		{20DBED51-6871-4DAC-B0ED-66CBC3EC6BA6}.Release|Any CPU.ActiveCfg = Release|Any CPU
		{20DBED51-6871-4DAC-B0ED-66CBC3EC6BA6}.Release|Any CPU.Build.0 = Release|Any CPU
	EndGlobalSection
	GlobalSection(SolutionProperties) = preSolution
		HideSolutionNode = FALSE
	EndGlobalSection
	GlobalSection(ExtensibilityGlobals) = postSolution
		SolutionGuid = {B0E9A76E-49C3-4933-8A64-7BBB2D7C1902}
	EndGlobalSection
EndGlobal
