
Microsoft Visual Studio Solution File, Format Version 12.00
# Visual Studio Version 17
VisualStudioVersion = 17.2.32526.322
MinimumVisualStudioVersion = 10.0.40219.1
Project("{FAE04EC0-301F-11D3-BF4B-00C04F79EFBC}") = "no25704try1", "no25704try1\no25704try1.csproj", "{F448B47D-AFD5-4918-8EE6-79BB96AFBB87}"
EndProject
Global
	GlobalSection(SolutionConfigurationPlatforms) = preSolution
		Debug|Any CPU = Debug|Any CPU
		Release|Any CPU = Release|Any CPU
	EndGlobalSection
	GlobalSection(ProjectConfigurationPlatforms) = postSolution
		{F448B47D-AFD5-4918-8EE6-79BB96AFBB87}.Debug|Any CPU.ActiveCfg = Debug|Any CPU
		{F448B47D-AFD5-4918-8EE6-79BB96AFBB87}.Debug|Any CPU.Build.0 = Debug|Any CPU
		{F448B47D-AFD5-4918-8EE6-79BB96AFBB87}.Release|Any CPU.ActiveCfg = Release|Any CPU
		{F448B47D-AFD5-4918-8EE6-79BB96AFBB87}.Release|Any CPU.Build.0 = Release|Any CPU
	EndGlobalSection
	GlobalSection(SolutionProperties) = preSolution
		HideSolutionNode = FALSE
	EndGlobalSection
	GlobalSection(ExtensibilityGlobals) = postSolution
		SolutionGuid = {D40141B2-8561-4B87-A726-4D84CB38BA48}
	EndGlobalSection
EndGlobal
