
Microsoft Visual Studio Solution File, Format Version 12.00
# Visual Studio Version 17
VisualStudioVersion = 17.7.34031.279
MinimumVisualStudioVersion = 10.0.40219.1
Project("{FAE04EC0-301F-11D3-BF4B-00C04F79EFBC}") = "no10try1", "no10try1\no10try1.csproj", "{0D73EEA0-DC15-420F-9650-F9354D345999}"
EndProject
Global
	GlobalSection(SolutionConfigurationPlatforms) = preSolution
		Debug|Any CPU = Debug|Any CPU
		Release|Any CPU = Release|Any CPU
	EndGlobalSection
	GlobalSection(ProjectConfigurationPlatforms) = postSolution
		{0D73EEA0-DC15-420F-9650-F9354D345999}.Debug|Any CPU.ActiveCfg = Debug|Any CPU
		{0D73EEA0-DC15-420F-9650-F9354D345999}.Debug|Any CPU.Build.0 = Debug|Any CPU
		{0D73EEA0-DC15-420F-9650-F9354D345999}.Release|Any CPU.ActiveCfg = Release|Any CPU
		{0D73EEA0-DC15-420F-9650-F9354D345999}.Release|Any CPU.Build.0 = Release|Any CPU
	EndGlobalSection
	GlobalSection(SolutionProperties) = preSolution
		HideSolutionNode = FALSE
	EndGlobalSection
	GlobalSection(ExtensibilityGlobals) = postSolution
		SolutionGuid = {2FE82FA4-6555-4030-82D6-8163C389E7CB}
	EndGlobalSection
EndGlobal
