
Microsoft Visual Studio Solution File, Format Version 12.00
# Visual Studio Version 17
VisualStudioVersion = 17.7.34031.279
MinimumVisualStudioVersion = 10.0.40219.1
Project("{FAE04EC0-301F-11D3-BF4B-00C04F79EFBC}") = "noAtry1", "noAtry1\noAtry1.csproj", "{989B5518-0C2C-40B1-A1CC-D6F30589FF81}"
EndProject
Global
	GlobalSection(SolutionConfigurationPlatforms) = preSolution
		Debug|Any CPU = Debug|Any CPU
		Release|Any CPU = Release|Any CPU
	EndGlobalSection
	GlobalSection(ProjectConfigurationPlatforms) = postSolution
		{989B5518-0C2C-40B1-A1CC-D6F30589FF81}.Debug|Any CPU.ActiveCfg = Debug|Any CPU
		{989B5518-0C2C-40B1-A1CC-D6F30589FF81}.Debug|Any CPU.Build.0 = Debug|Any CPU
		{989B5518-0C2C-40B1-A1CC-D6F30589FF81}.Release|Any CPU.ActiveCfg = Release|Any CPU
		{989B5518-0C2C-40B1-A1CC-D6F30589FF81}.Release|Any CPU.Build.0 = Release|Any CPU
	EndGlobalSection
	GlobalSection(SolutionProperties) = preSolution
		HideSolutionNode = FALSE
	EndGlobalSection
	GlobalSection(ExtensibilityGlobals) = postSolution
		SolutionGuid = {7C0373C2-00D5-4E99-A033-3BA0510E12C1}
	EndGlobalSection
EndGlobal
