
Microsoft Visual Studio Solution File, Format Version 12.00
# Visual Studio Version 17
VisualStudioVersion = 17.7.34031.279
MinimumVisualStudioVersion = 10.0.40219.1
Project("{FAE04EC0-301F-11D3-BF4B-00C04F79EFBC}") = "no2445try1", "no2445try1\no2445try1.csproj", "{F8253EDE-7444-4A50-8F0B-A098F1E83EED}"
EndProject
Global
	GlobalSection(SolutionConfigurationPlatforms) = preSolution
		Debug|Any CPU = Debug|Any CPU
		Release|Any CPU = Release|Any CPU
	EndGlobalSection
	GlobalSection(ProjectConfigurationPlatforms) = postSolution
		{F8253EDE-7444-4A50-8F0B-A098F1E83EED}.Debug|Any CPU.ActiveCfg = Debug|Any CPU
		{F8253EDE-7444-4A50-8F0B-A098F1E83EED}.Debug|Any CPU.Build.0 = Debug|Any CPU
		{F8253EDE-7444-4A50-8F0B-A098F1E83EED}.Release|Any CPU.ActiveCfg = Release|Any CPU
		{F8253EDE-7444-4A50-8F0B-A098F1E83EED}.Release|Any CPU.Build.0 = Release|Any CPU
	EndGlobalSection
	GlobalSection(SolutionProperties) = preSolution
		HideSolutionNode = FALSE
	EndGlobalSection
	GlobalSection(ExtensibilityGlobals) = postSolution
		SolutionGuid = {9A293735-C0A9-43DF-9865-36005E2D4F62}
	EndGlobalSection
EndGlobal
