
Microsoft Visual Studio Solution File, Format Version 12.00
# Visual Studio Version 17
VisualStudioVersion = 17.2.32526.322
MinimumVisualStudioVersion = 10.0.40219.1
Project("{FAE04EC0-301F-11D3-BF4B-00C04F79EFBC}") = "no1312try1", "no1312try1\no1312try1.csproj", "{EDD70ABB-49EB-4AD1-A72C-DAA21FF48B6D}"
EndProject
Global
	GlobalSection(SolutionConfigurationPlatforms) = preSolution
		Debug|Any CPU = Debug|Any CPU
		Release|Any CPU = Release|Any CPU
	EndGlobalSection
	GlobalSection(ProjectConfigurationPlatforms) = postSolution
		{EDD70ABB-49EB-4AD1-A72C-DAA21FF48B6D}.Debug|Any CPU.ActiveCfg = Debug|Any CPU
		{EDD70ABB-49EB-4AD1-A72C-DAA21FF48B6D}.Debug|Any CPU.Build.0 = Debug|Any CPU
		{EDD70ABB-49EB-4AD1-A72C-DAA21FF48B6D}.Release|Any CPU.ActiveCfg = Release|Any CPU
		{EDD70ABB-49EB-4AD1-A72C-DAA21FF48B6D}.Release|Any CPU.Build.0 = Release|Any CPU
	EndGlobalSection
	GlobalSection(SolutionProperties) = preSolution
		HideSolutionNode = FALSE
	EndGlobalSection
	GlobalSection(ExtensibilityGlobals) = postSolution
		SolutionGuid = {14A16211-8F64-4EC2-99B8-AD051E9F20F9}
	EndGlobalSection
EndGlobal
